// !$*UTF8*$!
{
	archiveVersion = 1;
	classes = {
	};
	objectVersion = 51;
	objects = {

/* Begin PBXBuildFile section */
		1DA290527826C220AD309012 /* Pods_ifanyi.framework in Frameworks */ = {isa = PBXBuildFile; fileRef = F6F84FA6D0A6E0ECE99CFC8C /* Pods_ifanyi.framework */; };
		C92B6B79237C4C2400424B74 /* ResultView.m in Sources */ = {isa = PBXBuildFile; fileRef = C92B6B78237C4C2400424B74 /* ResultView.m */; };
		C92B6B7C237C522A00424B74 /* NSArray+MM.m in Sources */ = {isa = PBXBuildFile; fileRef = C92B6B7B237C522A00424B74 /* NSArray+MM.m */; };
		C9896924237BA8AC00F16CE4 /* TranslateResult.m in Sources */ = {isa = PBXBuildFile; fileRef = C9896923237BA8AC00F16CE4 /* TranslateResult.m */; };
		C9896927237BAF6B00F16CE4 /* TranslateError.m in Sources */ = {isa = PBXBuildFile; fileRef = C9896926237BAF6B00F16CE4 /* TranslateError.m */; };
		C989692A237BDE3A00F16CE4 /* BaiduTranslateResponse.m in Sources */ = {isa = PBXBuildFile; fileRef = C9896929237BDE3A00F16CE4 /* BaiduTranslateResponse.m */; };
		C989692E237BF05500F16CE4 /* NSString+MM.m in Sources */ = {isa = PBXBuildFile; fileRef = C989692D237BF05500F16CE4 /* NSString+MM.m */; };
		C98B495E237C12BA006DAE2A /* QueryView.m in Sources */ = {isa = PBXBuildFile; fileRef = C98B495D237C12BA006DAE2A /* QueryView.m */; };
		C9B81AB8237A5C2F0024CCDB /* MMMake.m in Sources */ = {isa = PBXBuildFile; fileRef = C9B81AB7237A5C2F0024CCDB /* MMMake.m */; };
		C9B81ABD237ABD260024CCDB /* NSColor+MM.m in Sources */ = {isa = PBXBuildFile; fileRef = C9B81ABC237ABD260024CCDB /* NSColor+MM.m */; };
		C9B81AC0237ABF800024CCDB /* NSAttributedString+MM.m in Sources */ = {isa = PBXBuildFile; fileRef = C9B81ABF237ABF800024CCDB /* NSAttributedString+MM.m */; };
		C9B81AC3237ABFAF0024CCDB /* NSMutableAttributedString+MM.m in Sources */ = {isa = PBXBuildFile; fileRef = C9B81AC2237ABFAF0024CCDB /* NSMutableAttributedString+MM.m */; };
		C9D56CBA237CEF60003051E2 /* Configuration.m in Sources */ = {isa = PBXBuildFile; fileRef = C9D56CB9237CEF60003051E2 /* Configuration.m */; };
		C9D56CBD237CF243003051E2 /* TranslateLanguage.m in Sources */ = {isa = PBXBuildFile; fileRef = C9D56CBC237CF243003051E2 /* TranslateLanguage.m */; };
		C9D56CC0237D39C2003051E2 /* NSUserDefaults+MM.m in Sources */ = {isa = PBXBuildFile; fileRef = C9D56CBF237D39C2003051E2 /* NSUserDefaults+MM.m */; };
		C9E263C8235B3B1600E1D491 /* AppDelegate.m in Sources */ = {isa = PBXBuildFile; fileRef = C9E263C7235B3B1600E1D491 /* AppDelegate.m */; };
		C9E263CB235B3B1600E1D491 /* TranslateViewController.m in Sources */ = {isa = PBXBuildFile; fileRef = C9E263CA235B3B1600E1D491 /* TranslateViewController.m */; };
		C9E263CD235B3B1800E1D491 /* Assets.xcassets in Resources */ = {isa = PBXBuildFile; fileRef = C9E263CC235B3B1800E1D491 /* Assets.xcassets */; };
		C9E263D0235B3B1800E1D491 /* Main.storyboard in Resources */ = {isa = PBXBuildFile; fileRef = C9E263CE235B3B1800E1D491 /* Main.storyboard */; };
		C9E263D3235B3B1800E1D491 /* main.m in Sources */ = {isa = PBXBuildFile; fileRef = C9E263D2235B3B1800E1D491 /* main.m */; };
		C9E263DF235B3D3800E1D491 /* BaiduTranslate.m in Sources */ = {isa = PBXBuildFile; fileRef = C9E263DE235B3D3800E1D491 /* BaiduTranslate.m */; };
		C9E263E1235B3D7D00E1D491 /* baidu-sign.js in Resources */ = {isa = PBXBuildFile; fileRef = C9E263E0235B3D7D00E1D491 /* baidu-sign.js */; };
		C9E263E5235B458D00E1D491 /* Selection.m in Sources */ = {isa = PBXBuildFile; fileRef = C9E263E4235B458D00E1D491 /* Selection.m */; };
		C9E50409237C0D1300A500B7 /* PopUpButton.m in Sources */ = {isa = PBXBuildFile; fileRef = C9E50408237C0D1300A500B7 /* PopUpButton.m */; };
/* End PBXBuildFile section */

/* Begin PBXFileReference section */
		266A10346AE127F8A8794265 /* Pods-ifanyi.release.xcconfig */ = {isa = PBXFileReference; includeInIndex = 1; lastKnownFileType = text.xcconfig; name = "Pods-ifanyi.release.xcconfig"; path = "Target Support Files/Pods-ifanyi/Pods-ifanyi.release.xcconfig"; sourceTree = "<group>"; };
		C92B6B77237C4C2400424B74 /* ResultView.h */ = {isa = PBXFileReference; lastKnownFileType = sourcecode.c.h; path = ResultView.h; sourceTree = "<group>"; };
		C92B6B78237C4C2400424B74 /* ResultView.m */ = {isa = PBXFileReference; lastKnownFileType = sourcecode.c.objc; path = ResultView.m; sourceTree = "<group>"; };
		C92B6B7A237C522A00424B74 /* NSArray+MM.h */ = {isa = PBXFileReference; lastKnownFileType = sourcecode.c.h; path = "NSArray+MM.h"; sourceTree = "<group>"; };
		C92B6B7B237C522A00424B74 /* NSArray+MM.m */ = {isa = PBXFileReference; lastKnownFileType = sourcecode.c.objc; path = "NSArray+MM.m"; sourceTree = "<group>"; };
		C9896922237BA8AC00F16CE4 /* TranslateResult.h */ = {isa = PBXFileReference; lastKnownFileType = sourcecode.c.h; path = TranslateResult.h; sourceTree = "<group>"; };
		C9896923237BA8AC00F16CE4 /* TranslateResult.m */ = {isa = PBXFileReference; lastKnownFileType = sourcecode.c.objc; path = TranslateResult.m; sourceTree = "<group>"; };
		C9896925237BAF6B00F16CE4 /* TranslateError.h */ = {isa = PBXFileReference; lastKnownFileType = sourcecode.c.h; path = TranslateError.h; sourceTree = "<group>"; };
		C9896926237BAF6B00F16CE4 /* TranslateError.m */ = {isa = PBXFileReference; lastKnownFileType = sourcecode.c.objc; path = TranslateError.m; sourceTree = "<group>"; };
		C9896928237BDE3A00F16CE4 /* BaiduTranslateResponse.h */ = {isa = PBXFileReference; lastKnownFileType = sourcecode.c.h; path = BaiduTranslateResponse.h; sourceTree = "<group>"; };
		C9896929237BDE3A00F16CE4 /* BaiduTranslateResponse.m */ = {isa = PBXFileReference; lastKnownFileType = sourcecode.c.objc; path = BaiduTranslateResponse.m; sourceTree = "<group>"; };
		C989692C237BF05500F16CE4 /* NSString+MM.h */ = {isa = PBXFileReference; lastKnownFileType = sourcecode.c.h; path = "NSString+MM.h"; sourceTree = "<group>"; };
		C989692D237BF05500F16CE4 /* NSString+MM.m */ = {isa = PBXFileReference; lastKnownFileType = sourcecode.c.objc; path = "NSString+MM.m"; sourceTree = "<group>"; };
		C98B495C237C12BA006DAE2A /* QueryView.h */ = {isa = PBXFileReference; lastKnownFileType = sourcecode.c.h; path = QueryView.h; sourceTree = "<group>"; };
		C98B495D237C12BA006DAE2A /* QueryView.m */ = {isa = PBXFileReference; lastKnownFileType = sourcecode.c.objc; path = QueryView.m; sourceTree = "<group>"; };
		C9B81AB6237A5C2F0024CCDB /* MMMake.h */ = {isa = PBXFileReference; lastKnownFileType = sourcecode.c.h; path = MMMake.h; sourceTree = "<group>"; };
		C9B81AB7237A5C2F0024CCDB /* MMMake.m */ = {isa = PBXFileReference; lastKnownFileType = sourcecode.c.objc; path = MMMake.m; sourceTree = "<group>"; };
		C9B81AB9237A5D9E0024CCDB /* PrefixHeader.pch */ = {isa = PBXFileReference; lastKnownFileType = sourcecode.c.h; path = PrefixHeader.pch; sourceTree = "<group>"; };
		C9B81ABA237A8E970024CCDB /* MMMacro.h */ = {isa = PBXFileReference; lastKnownFileType = sourcecode.c.h; path = MMMacro.h; sourceTree = "<group>"; };
		C9B81ABB237ABD260024CCDB /* NSColor+MM.h */ = {isa = PBXFileReference; lastKnownFileType = sourcecode.c.h; path = "NSColor+MM.h"; sourceTree = "<group>"; };
		C9B81ABC237ABD260024CCDB /* NSColor+MM.m */ = {isa = PBXFileReference; lastKnownFileType = sourcecode.c.objc; path = "NSColor+MM.m"; sourceTree = "<group>"; };
		C9B81ABE237ABF800024CCDB /* NSAttributedString+MM.h */ = {isa = PBXFileReference; lastKnownFileType = sourcecode.c.h; path = "NSAttributedString+MM.h"; sourceTree = "<group>"; };
		C9B81ABF237ABF800024CCDB /* NSAttributedString+MM.m */ = {isa = PBXFileReference; lastKnownFileType = sourcecode.c.objc; path = "NSAttributedString+MM.m"; sourceTree = "<group>"; };
		C9B81AC1237ABFAF0024CCDB /* NSMutableAttributedString+MM.h */ = {isa = PBXFileReference; lastKnownFileType = sourcecode.c.h; path = "NSMutableAttributedString+MM.h"; sourceTree = "<group>"; };
		C9B81AC2237ABFAF0024CCDB /* NSMutableAttributedString+MM.m */ = {isa = PBXFileReference; lastKnownFileType = sourcecode.c.objc; path = "NSMutableAttributedString+MM.m"; sourceTree = "<group>"; };
		C9D56CB8237CEF60003051E2 /* Configuration.h */ = {isa = PBXFileReference; lastKnownFileType = sourcecode.c.h; path = Configuration.h; sourceTree = "<group>"; };
		C9D56CB9237CEF60003051E2 /* Configuration.m */ = {isa = PBXFileReference; lastKnownFileType = sourcecode.c.objc; path = Configuration.m; sourceTree = "<group>"; };
		C9D56CBB237CF243003051E2 /* TranslateLanguage.h */ = {isa = PBXFileReference; lastKnownFileType = sourcecode.c.h; path = TranslateLanguage.h; sourceTree = "<group>"; };
		C9D56CBC237CF243003051E2 /* TranslateLanguage.m */ = {isa = PBXFileReference; lastKnownFileType = sourcecode.c.objc; path = TranslateLanguage.m; sourceTree = "<group>"; };
		C9D56CBE237D39C2003051E2 /* NSUserDefaults+MM.h */ = {isa = PBXFileReference; lastKnownFileType = sourcecode.c.h; path = "NSUserDefaults+MM.h"; sourceTree = "<group>"; };
		C9D56CBF237D39C2003051E2 /* NSUserDefaults+MM.m */ = {isa = PBXFileReference; lastKnownFileType = sourcecode.c.objc; path = "NSUserDefaults+MM.m"; sourceTree = "<group>"; };
		C9E263C3235B3B1600E1D491 /* ifanyi.app */ = {isa = PBXFileReference; explicitFileType = wrapper.application; includeInIndex = 0; path = ifanyi.app; sourceTree = BUILT_PRODUCTS_DIR; };
		C9E263C6235B3B1600E1D491 /* AppDelegate.h */ = {isa = PBXFileReference; lastKnownFileType = sourcecode.c.h; path = AppDelegate.h; sourceTree = "<group>"; };
		C9E263C7235B3B1600E1D491 /* AppDelegate.m */ = {isa = PBXFileReference; lastKnownFileType = sourcecode.c.objc; path = AppDelegate.m; sourceTree = "<group>"; };
		C9E263C9235B3B1600E1D491 /* TranslateViewController.h */ = {isa = PBXFileReference; lastKnownFileType = sourcecode.c.h; path = TranslateViewController.h; sourceTree = "<group>"; };
		C9E263CA235B3B1600E1D491 /* TranslateViewController.m */ = {isa = PBXFileReference; lastKnownFileType = sourcecode.c.objc; path = TranslateViewController.m; sourceTree = "<group>"; };
		C9E263CC235B3B1800E1D491 /* Assets.xcassets */ = {isa = PBXFileReference; lastKnownFileType = folder.assetcatalog; path = Assets.xcassets; sourceTree = "<group>"; };
		C9E263CF235B3B1800E1D491 /* Base */ = {isa = PBXFileReference; lastKnownFileType = file.storyboard; name = Base; path = Base.lproj/Main.storyboard; sourceTree = "<group>"; };
		C9E263D1235B3B1800E1D491 /* Info.plist */ = {isa = PBXFileReference; lastKnownFileType = text.plist.xml; path = Info.plist; sourceTree = "<group>"; };
		C9E263D2235B3B1800E1D491 /* main.m */ = {isa = PBXFileReference; lastKnownFileType = sourcecode.c.objc; path = main.m; sourceTree = "<group>"; };
		C9E263D4235B3B1800E1D491 /* ifanyi.entitlements */ = {isa = PBXFileReference; lastKnownFileType = text.plist.entitlements; path = ifanyi.entitlements; sourceTree = "<group>"; };
		C9E263DD235B3D3800E1D491 /* BaiduTranslate.h */ = {isa = PBXFileReference; lastKnownFileType = sourcecode.c.h; path = BaiduTranslate.h; sourceTree = "<group>"; };
		C9E263DE235B3D3800E1D491 /* BaiduTranslate.m */ = {isa = PBXFileReference; lastKnownFileType = sourcecode.c.objc; path = BaiduTranslate.m; sourceTree = "<group>"; };
		C9E263E0235B3D7D00E1D491 /* baidu-sign.js */ = {isa = PBXFileReference; fileEncoding = 4; lastKnownFileType = sourcecode.javascript; path = "baidu-sign.js"; sourceTree = "<group>"; };
		C9E263E3235B458D00E1D491 /* Selection.h */ = {isa = PBXFileReference; lastKnownFileType = sourcecode.c.h; path = Selection.h; sourceTree = "<group>"; };
		C9E263E4235B458D00E1D491 /* Selection.m */ = {isa = PBXFileReference; lastKnownFileType = sourcecode.c.objc; path = Selection.m; sourceTree = "<group>"; };
		C9E50407237C0D1300A500B7 /* PopUpButton.h */ = {isa = PBXFileReference; lastKnownFileType = sourcecode.c.h; path = PopUpButton.h; sourceTree = "<group>"; };
		C9E50408237C0D1300A500B7 /* PopUpButton.m */ = {isa = PBXFileReference; lastKnownFileType = sourcecode.c.objc; path = PopUpButton.m; sourceTree = "<group>"; };
		D2CBA4416AE9E960EAD837ED /* Pods-ifanyi.debug.xcconfig */ = {isa = PBXFileReference; includeInIndex = 1; lastKnownFileType = text.xcconfig; name = "Pods-ifanyi.debug.xcconfig"; path = "Target Support Files/Pods-ifanyi/Pods-ifanyi.debug.xcconfig"; sourceTree = "<group>"; };
		F6F84FA6D0A6E0ECE99CFC8C /* Pods_ifanyi.framework */ = {isa = PBXFileReference; explicitFileType = wrapper.framework; includeInIndex = 0; path = Pods_ifanyi.framework; sourceTree = BUILT_PRODUCTS_DIR; };
/* End PBXFileReference section */

/* Begin PBXFrameworksBuildPhase section */
		C9E263C0235B3B1600E1D491 /* Frameworks */ = {
			isa = PBXFrameworksBuildPhase;
			buildActionMask = 2147483647;
			files = (
				1DA290527826C220AD309012 /* Pods_ifanyi.framework in Frameworks */,
			);
			runOnlyForDeploymentPostprocessing = 0;
		};
/* End PBXFrameworksBuildPhase section */

/* Begin PBXGroup section */
		C903AC35B1949639518ACC5B /* Pods */ = {
			isa = PBXGroup;
			children = (
				D2CBA4416AE9E960EAD837ED /* Pods-ifanyi.debug.xcconfig */,
				266A10346AE127F8A8794265 /* Pods-ifanyi.release.xcconfig */,
			);
			path = Pods;
			sourceTree = "<group>";
		};
		C9896921237B9ACC00F16CE4 /* TranslateWindow */ = {
			isa = PBXGroup;
			children = (
				C9E263C9235B3B1600E1D491 /* TranslateViewController.h */,
				C9E263CA235B3B1600E1D491 /* TranslateViewController.m */,
				C9E50407237C0D1300A500B7 /* PopUpButton.h */,
				C9E50408237C0D1300A500B7 /* PopUpButton.m */,
				C98B495C237C12BA006DAE2A /* QueryView.h */,
				C98B495D237C12BA006DAE2A /* QueryView.m */,
				C92B6B77237C4C2400424B74 /* ResultView.h */,
				C92B6B78237C4C2400424B74 /* ResultView.m */,
			);
			path = TranslateWindow;
			sourceTree = "<group>";
		};
		C9B81AB5237A5BC80024CCDB /* Utility */ = {
			isa = PBXGroup;
			children = (
				C9B81ABA237A8E970024CCDB /* MMMacro.h */,
				C9B81AB6237A5C2F0024CCDB /* MMMake.h */,
				C9B81AB7237A5C2F0024CCDB /* MMMake.m */,
				C9B81ABB237ABD260024CCDB /* NSColor+MM.h */,
				C9B81ABC237ABD260024CCDB /* NSColor+MM.m */,
				C9B81ABE237ABF800024CCDB /* NSAttributedString+MM.h */,
				C9B81ABF237ABF800024CCDB /* NSAttributedString+MM.m */,
				C9B81AC1237ABFAF0024CCDB /* NSMutableAttributedString+MM.h */,
				C9B81AC2237ABFAF0024CCDB /* NSMutableAttributedString+MM.m */,
				C989692C237BF05500F16CE4 /* NSString+MM.h */,
				C989692D237BF05500F16CE4 /* NSString+MM.m */,
				C92B6B7A237C522A00424B74 /* NSArray+MM.h */,
				C92B6B7B237C522A00424B74 /* NSArray+MM.m */,
				C9D56CBE237D39C2003051E2 /* NSUserDefaults+MM.h */,
				C9D56CBF237D39C2003051E2 /* NSUserDefaults+MM.m */,
			);
			path = Utility;
			sourceTree = "<group>";
		};
		C9D56CB7237CEF41003051E2 /* Configuration */ = {
			isa = PBXGroup;
			children = (
				C9D56CB8237CEF60003051E2 /* Configuration.h */,
				C9D56CB9237CEF60003051E2 /* Configuration.m */,
			);
			path = Configuration;
			sourceTree = "<group>";
		};
		C9E263BA235B3B1600E1D491 = {
			isa = PBXGroup;
			children = (
				C9E263C5235B3B1600E1D491 /* ifanyi */,
				C9E263C4235B3B1600E1D491 /* Products */,
				C903AC35B1949639518ACC5B /* Pods */,
				D94A0D41797B9AE9BCD8D5BD /* Frameworks */,
			);
			sourceTree = "<group>";
		};
		C9E263C4235B3B1600E1D491 /* Products */ = {
			isa = PBXGroup;
			children = (
				C9E263C3235B3B1600E1D491 /* ifanyi.app */,
			);
			name = Products;
			sourceTree = "<group>";
		};
		C9E263C5235B3B1600E1D491 /* ifanyi */ = {
			isa = PBXGroup;
			children = (
				C9E263DA235B3CD300E1D491 /* Feature */,
				C9E263C6235B3B1600E1D491 /* AppDelegate.h */,
				C9E263C7235B3B1600E1D491 /* AppDelegate.m */,
				C9B81AB9237A5D9E0024CCDB /* PrefixHeader.pch */,
				C9E263CC235B3B1800E1D491 /* Assets.xcassets */,
				C9E263CE235B3B1800E1D491 /* Main.storyboard */,
				C9E263D1235B3B1800E1D491 /* Info.plist */,
				C9E263D2235B3B1800E1D491 /* main.m */,
				C9E263D4235B3B1800E1D491 /* ifanyi.entitlements */,
			);
			path = ifanyi;
			sourceTree = "<group>";
		};
		C9E263DA235B3CD300E1D491 /* Feature */ = {
			isa = PBXGroup;
			children = (
				C9B81AB5237A5BC80024CCDB /* Utility */,
				C9E263E2235B457B00E1D491 /* Selection */,
				C9E263DC235B3CE600E1D491 /* Baidu */,
				C9D56CB7237CEF41003051E2 /* Configuration */,
				C9896921237B9ACC00F16CE4 /* TranslateWindow */,
			);
			path = Feature;
			sourceTree = "<group>";
		};
		C9E263DC235B3CE600E1D491 /* Baidu */ = {
			isa = PBXGroup;
			children = (
				C9E263E0235B3D7D00E1D491 /* baidu-sign.js */,
				C9E263DD235B3D3800E1D491 /* BaiduTranslate.h */,
				C9E263DE235B3D3800E1D491 /* BaiduTranslate.m */,
				C9896928237BDE3A00F16CE4 /* BaiduTranslateResponse.h */,
				C9896929237BDE3A00F16CE4 /* BaiduTranslateResponse.m */,
				C9D56CBB237CF243003051E2 /* TranslateLanguage.h */,
				C9D56CBC237CF243003051E2 /* TranslateLanguage.m */,
				C9896922237BA8AC00F16CE4 /* TranslateResult.h */,
				C9896923237BA8AC00F16CE4 /* TranslateResult.m */,
				C9896925237BAF6B00F16CE4 /* TranslateError.h */,
				C9896926237BAF6B00F16CE4 /* TranslateError.m */,
			);
			path = Baidu;
			sourceTree = "<group>";
		};
		C9E263E2235B457B00E1D491 /* Selection */ = {
			isa = PBXGroup;
			children = (
				C9E263E3235B458D00E1D491 /* Selection.h */,
				C9E263E4235B458D00E1D491 /* Selection.m */,
			);
			path = Selection;
			sourceTree = "<group>";
		};
		D94A0D41797B9AE9BCD8D5BD /* Frameworks */ = {
			isa = PBXGroup;
			children = (
				F6F84FA6D0A6E0ECE99CFC8C /* Pods_ifanyi.framework */,
			);
			name = Frameworks;
			sourceTree = "<group>";
		};
/* End PBXGroup section */

/* Begin PBXNativeTarget section */
		C9E263C2235B3B1600E1D491 /* ifanyi */ = {
			isa = PBXNativeTarget;
			buildConfigurationList = C9E263D7235B3B1800E1D491 /* Build configuration list for PBXNativeTarget "ifanyi" */;
			buildPhases = (
				0F3B5F40A7D31EDD2DDA4638 /* [CP] Check Pods Manifest.lock */,
				C9E263BF235B3B1600E1D491 /* Sources */,
				C9E263C0235B3B1600E1D491 /* Frameworks */,
				C9E263C1235B3B1600E1D491 /* Resources */,
				654E0FCB412A292372A1A7D4 /* [CP] Embed Pods Frameworks */,
			);
			buildRules = (
			);
			dependencies = (
			);
			name = ifanyi;
			productName = ifanyi;
			productReference = C9E263C3235B3B1600E1D491 /* ifanyi.app */;
			productType = "com.apple.product-type.application";
		};
/* End PBXNativeTarget section */

/* Begin PBXProject section */
		C9E263BB235B3B1600E1D491 /* Project object */ = {
			isa = PBXProject;
			attributes = {
				LastUpgradeCheck = 1100;
				ORGANIZATIONNAME = ripperhe;
				TargetAttributes = {
					C9E263C2235B3B1600E1D491 = {
						CreatedOnToolsVersion = 11.0;
					};
				};
			};
			buildConfigurationList = C9E263BE235B3B1600E1D491 /* Build configuration list for PBXProject "ifanyi" */;
			compatibilityVersion = "Xcode 9.3";
			developmentRegion = en;
			hasScannedForEncodings = 0;
			knownRegions = (
				en,
				Base,
			);
			mainGroup = C9E263BA235B3B1600E1D491;
			productRefGroup = C9E263C4235B3B1600E1D491 /* Products */;
			projectDirPath = "";
			projectRoot = "";
			targets = (
				C9E263C2235B3B1600E1D491 /* ifanyi */,
			);
		};
/* End PBXProject section */

/* Begin PBXResourcesBuildPhase section */
		C9E263C1235B3B1600E1D491 /* Resources */ = {
			isa = PBXResourcesBuildPhase;
			buildActionMask = 2147483647;
			files = (
				C9E263E1235B3D7D00E1D491 /* baidu-sign.js in Resources */,
				C9E263CD235B3B1800E1D491 /* Assets.xcassets in Resources */,
				C9E263D0235B3B1800E1D491 /* Main.storyboard in Resources */,
			);
			runOnlyForDeploymentPostprocessing = 0;
		};
/* End PBXResourcesBuildPhase section */

/* Begin PBXShellScriptBuildPhase section */
		0F3B5F40A7D31EDD2DDA4638 /* [CP] Check Pods Manifest.lock */ = {
			isa = PBXShellScriptBuildPhase;
			buildActionMask = 2147483647;
			files = (
			);
			inputFileListPaths = (
			);
			inputPaths = (
				"${PODS_PODFILE_DIR_PATH}/Podfile.lock",
				"${PODS_ROOT}/Manifest.lock",
			);
			name = "[CP] Check Pods Manifest.lock";
			outputFileListPaths = (
			);
			outputPaths = (
				"$(DERIVED_FILE_DIR)/Pods-ifanyi-checkManifestLockResult.txt",
			);
			runOnlyForDeploymentPostprocessing = 0;
			shellPath = /bin/sh;
			shellScript = "diff \"${PODS_PODFILE_DIR_PATH}/Podfile.lock\" \"${PODS_ROOT}/Manifest.lock\" > /dev/null\nif [ $? != 0 ] ; then\n    # print error to STDERR\n    echo \"error: The sandbox is not in sync with the Podfile.lock. Run 'pod install' or update your CocoaPods installation.\" >&2\n    exit 1\nfi\n# This output is used by Xcode 'outputs' to avoid re-running this script phase.\necho \"SUCCESS\" > \"${SCRIPT_OUTPUT_FILE_0}\"\n";
			showEnvVarsInLog = 0;
		};
		654E0FCB412A292372A1A7D4 /* [CP] Embed Pods Frameworks */ = {
			isa = PBXShellScriptBuildPhase;
			buildActionMask = 2147483647;
			files = (
			);
			inputFileListPaths = (
				"${PODS_ROOT}/Target Support Files/Pods-ifanyi/Pods-ifanyi-frameworks-${CONFIGURATION}-input-files.xcfilelist",
			);
			name = "[CP] Embed Pods Frameworks";
			outputFileListPaths = (
				"${PODS_ROOT}/Target Support Files/Pods-ifanyi/Pods-ifanyi-frameworks-${CONFIGURATION}-output-files.xcfilelist",
			);
			runOnlyForDeploymentPostprocessing = 0;
			shellPath = /bin/sh;
			shellScript = "\"${PODS_ROOT}/Target Support Files/Pods-ifanyi/Pods-ifanyi-frameworks.sh\"\n";
			showEnvVarsInLog = 0;
		};
/* End PBXShellScriptBuildPhase section */

/* Begin PBXSourcesBuildPhase section */
		C9E263BF235B3B1600E1D491 /* Sources */ = {
			isa = PBXSourcesBuildPhase;
			buildActionMask = 2147483647;
			files = (
				C9B81AC0237ABF800024CCDB /* NSAttributedString+MM.m in Sources */,
				C92B6B79237C4C2400424B74 /* ResultView.m in Sources */,
				C9896927237BAF6B00F16CE4 /* TranslateError.m in Sources */,
				C9D56CC0237D39C2003051E2 /* NSUserDefaults+MM.m in Sources */,
				C9B81AC3237ABFAF0024CCDB /* NSMutableAttributedString+MM.m in Sources */,
				C9E263CB235B3B1600E1D491 /* TranslateViewController.m in Sources */,
				C9D56CBD237CF243003051E2 /* TranslateLanguage.m in Sources */,
				C9B81ABD237ABD260024CCDB /* NSColor+MM.m in Sources */,
				C98B495E237C12BA006DAE2A /* QueryView.m in Sources */,
				C9E50409237C0D1300A500B7 /* PopUpButton.m in Sources */,
				C989692E237BF05500F16CE4 /* NSString+MM.m in Sources */,
				C989692A237BDE3A00F16CE4 /* BaiduTranslateResponse.m in Sources */,
				C9D56CBA237CEF60003051E2 /* Configuration.m in Sources */,
				C9B81AB8237A5C2F0024CCDB /* MMMake.m in Sources */,
				C9E263D3235B3B1800E1D491 /* main.m in Sources */,
				C9E263E5235B458D00E1D491 /* Selection.m in Sources */,
				C92B6B7C237C522A00424B74 /* NSArray+MM.m in Sources */,
				C9896924237BA8AC00F16CE4 /* TranslateResult.m in Sources */,
				C9E263DF235B3D3800E1D491 /* BaiduTranslate.m in Sources */,
				C9E263C8235B3B1600E1D491 /* AppDelegate.m in Sources */,
			);
			runOnlyForDeploymentPostprocessing = 0;
		};
/* End PBXSourcesBuildPhase section */

/* Begin PBXVariantGroup section */
		C9E263CE235B3B1800E1D491 /* Main.storyboard */ = {
			isa = PBXVariantGroup;
			children = (
				C9E263CF235B3B1800E1D491 /* Base */,
			);
			name = Main.storyboard;
			sourceTree = "<group>";
		};
/* End PBXVariantGroup section */

/* Begin XCBuildConfiguration section */
		C9E263D5235B3B1800E1D491 /* Debug */ = {
			isa = XCBuildConfiguration;
			buildSettings = {
				ALWAYS_SEARCH_USER_PATHS = NO;
				CLANG_ANALYZER_NONNULL = YES;
				CLANG_ANALYZER_NUMBER_OBJECT_CONVERSION = YES_AGGRESSIVE;
				CLANG_CXX_LANGUAGE_STANDARD = "gnu++14";
				CLANG_CXX_LIBRARY = "libc++";
				CLANG_ENABLE_MODULES = YES;
				CLANG_ENABLE_OBJC_ARC = YES;
				CLANG_ENABLE_OBJC_WEAK = YES;
				CLANG_WARN_BLOCK_CAPTURE_AUTORELEASING = YES;
				CLANG_WARN_BOOL_CONVERSION = YES;
				CLANG_WARN_COMMA = YES;
				CLANG_WARN_CONSTANT_CONVERSION = YES;
				CLANG_WARN_DEPRECATED_OBJC_IMPLEMENTATIONS = YES;
				CLANG_WARN_DIRECT_OBJC_ISA_USAGE = YES_ERROR;
				CLANG_WARN_DOCUMENTATION_COMMENTS = YES;
				CLANG_WARN_EMPTY_BODY = YES;
				CLANG_WARN_ENUM_CONVERSION = YES;
				CLANG_WARN_INFINITE_RECURSION = YES;
				CLANG_WARN_INT_CONVERSION = YES;
				CLANG_WARN_NON_LITERAL_NULL_CONVERSION = YES;
				CLANG_WARN_OBJC_IMPLICIT_RETAIN_SELF = YES;
				CLANG_WARN_OBJC_LITERAL_CONVERSION = YES;
				CLANG_WARN_OBJC_ROOT_CLASS = YES_ERROR;
				CLANG_WARN_RANGE_LOOP_ANALYSIS = YES;
				CLANG_WARN_STRICT_PROTOTYPES = YES;
				CLANG_WARN_SUSPICIOUS_MOVE = YES;
				CLANG_WARN_UNGUARDED_AVAILABILITY = YES_AGGRESSIVE;
				CLANG_WARN_UNREACHABLE_CODE = YES;
				CLANG_WARN__DUPLICATE_METHOD_MATCH = YES;
				COPY_PHASE_STRIP = NO;
				DEBUG_INFORMATION_FORMAT = dwarf;
				ENABLE_STRICT_OBJC_MSGSEND = YES;
				ENABLE_TESTABILITY = YES;
				GCC_C_LANGUAGE_STANDARD = gnu11;
				GCC_DYNAMIC_NO_PIC = NO;
				GCC_NO_COMMON_BLOCKS = YES;
				GCC_OPTIMIZATION_LEVEL = 0;
				GCC_PREPROCESSOR_DEFINITIONS = (
					"DEBUG=1",
					"$(inherited)",
				);
				GCC_WARN_64_TO_32_BIT_CONVERSION = YES;
				GCC_WARN_ABOUT_RETURN_TYPE = YES_ERROR;
				GCC_WARN_UNDECLARED_SELECTOR = YES;
				GCC_WARN_UNINITIALIZED_AUTOS = YES_AGGRESSIVE;
				GCC_WARN_UNUSED_FUNCTION = YES;
				GCC_WARN_UNUSED_VARIABLE = YES;
				MACOSX_DEPLOYMENT_TARGET = 10.15;
				MTL_ENABLE_DEBUG_INFO = INCLUDE_SOURCE;
				MTL_FAST_MATH = YES;
				ONLY_ACTIVE_ARCH = YES;
				SDKROOT = macosx;
			};
			name = Debug;
		};
		C9E263D6235B3B1800E1D491 /* Release */ = {
			isa = XCBuildConfiguration;
			buildSettings = {
				ALWAYS_SEARCH_USER_PATHS = NO;
				CLANG_ANALYZER_NONNULL = YES;
				CLANG_ANALYZER_NUMBER_OBJECT_CONVERSION = YES_AGGRESSIVE;
				CLANG_CXX_LANGUAGE_STANDARD = "gnu++14";
				CLANG_CXX_LIBRARY = "libc++";
				CLANG_ENABLE_MODULES = YES;
				CLANG_ENABLE_OBJC_ARC = YES;
				CLANG_ENABLE_OBJC_WEAK = YES;
				CLANG_WARN_BLOCK_CAPTURE_AUTORELEASING = YES;
				CLANG_WARN_BOOL_CONVERSION = YES;
				CLANG_WARN_COMMA = YES;
				CLANG_WARN_CONSTANT_CONVERSION = YES;
				CLANG_WARN_DEPRECATED_OBJC_IMPLEMENTATIONS = YES;
				CLANG_WARN_DIRECT_OBJC_ISA_USAGE = YES_ERROR;
				CLANG_WARN_DOCUMENTATION_COMMENTS = YES;
				CLANG_WARN_EMPTY_BODY = YES;
				CLANG_WARN_ENUM_CONVERSION = YES;
				CLANG_WARN_INFINITE_RECURSION = YES;
				CLANG_WARN_INT_CONVERSION = YES;
				CLANG_WARN_NON_LITERAL_NULL_CONVERSION = YES;
				CLANG_WARN_OBJC_IMPLICIT_RETAIN_SELF = YES;
				CLANG_WARN_OBJC_LITERAL_CONVERSION = YES;
				CLANG_WARN_OBJC_ROOT_CLASS = YES_ERROR;
				CLANG_WARN_RANGE_LOOP_ANALYSIS = YES;
				CLANG_WARN_STRICT_PROTOTYPES = YES;
				CLANG_WARN_SUSPICIOUS_MOVE = YES;
				CLANG_WARN_UNGUARDED_AVAILABILITY = YES_AGGRESSIVE;
				CLANG_WARN_UNREACHABLE_CODE = YES;
				CLANG_WARN__DUPLICATE_METHOD_MATCH = YES;
				COPY_PHASE_STRIP = NO;
				DEBUG_INFORMATION_FORMAT = "dwarf-with-dsym";
				ENABLE_NS_ASSERTIONS = NO;
				ENABLE_STRICT_OBJC_MSGSEND = YES;
				GCC_C_LANGUAGE_STANDARD = gnu11;
				GCC_NO_COMMON_BLOCKS = YES;
				GCC_WARN_64_TO_32_BIT_CONVERSION = YES;
				GCC_WARN_ABOUT_RETURN_TYPE = YES_ERROR;
				GCC_WARN_UNDECLARED_SELECTOR = YES;
				GCC_WARN_UNINITIALIZED_AUTOS = YES_AGGRESSIVE;
				GCC_WARN_UNUSED_FUNCTION = YES;
				GCC_WARN_UNUSED_VARIABLE = YES;
				MACOSX_DEPLOYMENT_TARGET = 10.15;
				MTL_ENABLE_DEBUG_INFO = NO;
				MTL_FAST_MATH = YES;
				SDKROOT = macosx;
			};
			name = Release;
		};
		C9E263D8235B3B1800E1D491 /* Debug */ = {
			isa = XCBuildConfiguration;
			baseConfigurationReference = D2CBA4416AE9E960EAD837ED /* Pods-ifanyi.debug.xcconfig */;
			buildSettings = {
				ASSETCATALOG_COMPILER_APPICON_NAME = AppIcon;
				CODE_SIGN_ENTITLEMENTS = ifanyi/ifanyi.entitlements;
				CODE_SIGN_STYLE = Automatic;
				COMBINE_HIDPI_IMAGES = YES;
				GCC_PREFIX_HEADER = "$(SRCROOT)/ifanyi/PrefixHeader.pch";
				INFOPLIST_FILE = ifanyi/Info.plist;
				LD_RUNPATH_SEARCH_PATHS = (
					"$(inherited)",
					"@executable_path/../Frameworks",
				);
				PRODUCT_BUNDLE_IDENTIFIER = com.ripperhe.ifanyi;
				PRODUCT_NAME = "$(TARGET_NAME)";
			};
			name = Debug;
		};
		C9E263D9235B3B1800E1D491 /* Release */ = {
			isa = XCBuildConfiguration;
			baseConfigurationReference = 266A10346AE127F8A8794265 /* Pods-ifanyi.release.xcconfig */;
			buildSettings = {
				ASSETCATALOG_COMPILER_APPICON_NAME = AppIcon;
				CODE_SIGN_ENTITLEMENTS = ifanyi/ifanyi.entitlements;
				CODE_SIGN_STYLE = Automatic;
				COMBINE_HIDPI_IMAGES = YES;
				GCC_PREFIX_HEADER = "$(SRCROOT)/ifanyi/PrefixHeader.pch";
				INFOPLIST_FILE = ifanyi/Info.plist;
				LD_RUNPATH_SEARCH_PATHS = (
					"$(inherited)",
					"@executable_path/../Frameworks",
				);
				PRODUCT_BUNDLE_IDENTIFIER = com.ripperhe.ifanyi;
				PRODUCT_NAME = "$(TARGET_NAME)";
			};
			name = Release;
		};
/* End XCBuildConfiguration section */

/* Begin XCConfigurationList section */
		C9E263BE235B3B1600E1D491 /* Build configuration list for PBXProject "ifanyi" */ = {
			isa = XCConfigurationList;
			buildConfigurations = (
				C9E263D5235B3B1800E1D491 /* Debug */,
				C9E263D6235B3B1800E1D491 /* Release */,
			);
			defaultConfigurationIsVisible = 0;
			defaultConfigurationName = Release;
		};
		C9E263D7235B3B1800E1D491 /* Build configuration list for PBXNativeTarget "ifanyi" */ = {
			isa = XCConfigurationList;
			buildConfigurations = (
				C9E263D8235B3B1800E1D491 /* Debug */,
				C9E263D9235B3B1800E1D491 /* Release */,
			);
			defaultConfigurationIsVisible = 0;
			defaultConfigurationName = Release;
		};
/* End XCConfigurationList section */
	};
	rootObject = C9E263BB235B3B1600E1D491 /* Project object */;
}
