// !$*UTF8*$!
{
	archiveVersion = 1;
	classes = {
	};
	objectVersion = 51;
	objects = {

/* Begin PBXBuildFile section */
		C90007F323B3BA710002B6A0 /* NSObject+DarkMode.m in Sources */ = {isa = PBXBuildFile; fileRef = C90007F223B3BA710002B6A0 /* NSObject+DarkMode.m */; };
		C90007F623B3C5BB0002B6A0 /* NSView+HiddenDebug.m in Sources */ = {isa = PBXBuildFile; fileRef = C90007F523B3C5BB0002B6A0 /* NSView+HiddenDebug.m */; };
		C90BE30D239F38EB00ADE88B /* AppDelegate.m in Sources */ = {isa = PBXBuildFile; fileRef = C90BE30C239F38EB00ADE88B /* AppDelegate.m */; };
		C90BE310239F38EB00ADE88B /* ViewController.m in Sources */ = {isa = PBXBuildFile; fileRef = C90BE30F239F38EB00ADE88B /* ViewController.m */; };
		C90BE312239F38EC00ADE88B /* Assets.xcassets in Resources */ = {isa = PBXBuildFile; fileRef = C90BE311239F38EC00ADE88B /* Assets.xcassets */; };
		C90BE315239F38EC00ADE88B /* Main.storyboard in Resources */ = {isa = PBXBuildFile; fileRef = C90BE313239F38EC00ADE88B /* Main.storyboard */; };
		C90BE318239F38EC00ADE88B /* main.m in Sources */ = {isa = PBXBuildFile; fileRef = C90BE317239F38EC00ADE88B /* main.m */; };
		C90C77852391188400A65E42 /* SnipFocusView.m in Sources */ = {isa = PBXBuildFile; fileRef = C90C77842391188400A65E42 /* SnipFocusView.m */; };
		C910457023A3AF44001D5211 /* Translate.m in Sources */ = {isa = PBXBuildFile; fileRef = C910456F23A3AF44001D5211 /* Translate.m */; };
		C91C153823AB8B0600CCAEC0 /* MMTool.m in Sources */ = {isa = PBXBuildFile; fileRef = C91C153723AB8B0600CCAEC0 /* MMTool.m */; };
		C91DF6B023A35E07009CB158 /* MMOrderedDictionary.m in Sources */ = {isa = PBXBuildFile; fileRef = C91DF6AE23A35E07009CB158 /* MMOrderedDictionary.m */; };
		C91DF6B323A375E5009CB158 /* YoudaoTranslateResponse.m in Sources */ = {isa = PBXBuildFile; fileRef = C91DF6B223A375E5009CB158 /* YoudaoTranslateResponse.m */; };
		C91DF6B723A390A7009CB158 /* YoudaoOCRResponse.m in Sources */ = {isa = PBXBuildFile; fileRef = C91DF6B623A390A7009CB158 /* YoudaoOCRResponse.m */; };
		C959D33A238809B800DD8808 /* OCRResult.m in Sources */ = {isa = PBXBuildFile; fileRef = C959D339238809B800DD8808 /* OCRResult.m */; };
		C9676F2B23A0908F007DD023 /* NSPasteboard+MM.m in Sources */ = {isa = PBXBuildFile; fileRef = C9676F2A23A0908F007DD023 /* NSPasteboard+MM.m */; };
		C9889F6123AA0FDA00C2D127 /* GoogleTranslate.m in Sources */ = {isa = PBXBuildFile; fileRef = C9889F6023AA0FDA00C2D127 /* GoogleTranslate.m */; };
		C9889F6423AA25C800C2D127 /* google-translate-sign.js in Resources */ = {isa = PBXBuildFile; fileRef = C9889F6323AA25C800C2D127 /* google-translate-sign.js */; };
		C988B28823B1F12D007C8108 /* DarkModeManager.m in Sources */ = {isa = PBXBuildFile; fileRef = C988B28723B1F12D007C8108 /* DarkModeManager.m */; };
		C98C17A1239E3F4A00BD02DB /* PreferencesWindowController.m in Sources */ = {isa = PBXBuildFile; fileRef = C98C17A0239E3F4A00BD02DB /* PreferencesWindowController.m */; };
		C98C17A5239E40AC00BD02DB /* GeneralViewController.m in Sources */ = {isa = PBXBuildFile; fileRef = C98C17A3239E40AC00BD02DB /* GeneralViewController.m */; };
		C98C17A6239E40AC00BD02DB /* GeneralViewController.xib in Resources */ = {isa = PBXBuildFile; fileRef = C98C17A4239E40AC00BD02DB /* GeneralViewController.xib */; };
		C98C17AA239E410300BD02DB /* AboutViewController.m in Sources */ = {isa = PBXBuildFile; fileRef = C98C17A8239E410300BD02DB /* AboutViewController.m */; };
		C98C17AB239E410300BD02DB /* AboutViewController.xib in Resources */ = {isa = PBXBuildFile; fileRef = C98C17A9239E410300BD02DB /* AboutViewController.xib */; };
		C98C17B0239E516A00BD02DB /* Shortcut.m in Sources */ = {isa = PBXBuildFile; fileRef = C98C17AF239E516A00BD02DB /* Shortcut.m */; };
		C98CAE75239F4619005F7DCA /* BobHelper.app in CopyFiles */ = {isa = PBXBuildFile; fileRef = C90BE309239F38EB00ADE88B /* BobHelper.app */; settings = {ATTRIBUTES = (RemoveHeadersOnCopy, ); }; };
		C98CFA28239F8CDB00FB7EC4 /* MMLog.swift in Sources */ = {isa = PBXBuildFile; fileRef = C98CFA21239F8CDB00FB7EC4 /* MMLog.swift */; };
		C98CFA29239F8CDB00FB7EC4 /* MMFileLogFormatter.m in Sources */ = {isa = PBXBuildFile; fileRef = C98CFA22239F8CDB00FB7EC4 /* MMFileLogFormatter.m */; };
		C98CFA2A239F8CDB00FB7EC4 /* MMConsoleLogFormatter.m in Sources */ = {isa = PBXBuildFile; fileRef = C98CFA24239F8CDB00FB7EC4 /* MMConsoleLogFormatter.m */; };
		C98CFA2B239F8CDB00FB7EC4 /* MMLog.m in Sources */ = {isa = PBXBuildFile; fileRef = C98CFA26239F8CDB00FB7EC4 /* MMLog.m */; };
		C98CFA33239FA6F400FB7EC4 /* MMCrashUncaughtExceptionHandler.m in Sources */ = {isa = PBXBuildFile; fileRef = C98CFA2D239FA6F400FB7EC4 /* MMCrashUncaughtExceptionHandler.m */; };
		C98CFA34239FA6F400FB7EC4 /* MMCrashSignalExceptionHandler.m in Sources */ = {isa = PBXBuildFile; fileRef = C98CFA2F239FA6F400FB7EC4 /* MMCrashSignalExceptionHandler.m */; };
		C98CFA35239FA6F400FB7EC4 /* MMCrashFileTool.m in Sources */ = {isa = PBXBuildFile; fileRef = C98CFA31239FA6F400FB7EC4 /* MMCrashFileTool.m */; };
		C98CFA38239FA8E500FB7EC4 /* MMCrash.m in Sources */ = {isa = PBXBuildFile; fileRef = C98CFA37239FA8E500FB7EC4 /* MMCrash.m */; };
		C99142742390FCBD0025E75E /* NSImage+MM.m in Sources */ = {isa = PBXBuildFile; fileRef = C99142732390FCBD0025E75E /* NSImage+MM.m */; };
		C9986E1C2393B06C0016F569 /* NSView+MM.m in Sources */ = {isa = PBXBuildFile; fileRef = C9986E1B2393B06C0016F569 /* NSView+MM.m */; };
		C9986E1F2393B09E0016F569 /* NSWindow+MM.m in Sources */ = {isa = PBXBuildFile; fileRef = C9986E1E2393B09E0016F569 /* NSWindow+MM.m */; };
		C99EEB1D2385796700FEE666 /* AppDelegate.m in Sources */ = {isa = PBXBuildFile; fileRef = C99EEB1C2385796700FEE666 /* AppDelegate.m */; };
		C99EEB222385796900FEE666 /* Assets.xcassets in Resources */ = {isa = PBXBuildFile; fileRef = C99EEB212385796900FEE666 /* Assets.xcassets */; };
		C99EEB252385796900FEE666 /* Main.storyboard in Resources */ = {isa = PBXBuildFile; fileRef = C99EEB232385796900FEE666 /* Main.storyboard */; };
		C99EEB282385796900FEE666 /* main.m in Sources */ = {isa = PBXBuildFile; fileRef = C99EEB272385796900FEE666 /* main.m */; };
		C99EEBC42385799D00FEE666 /* Configuration.m in Sources */ = {isa = PBXBuildFile; fileRef = C99EEB8A2385799D00FEE666 /* Configuration.m */; };
		C99EEBC52385799D00FEE666 /* BaiduTranslate.m in Sources */ = {isa = PBXBuildFile; fileRef = C99EEB912385799D00FEE666 /* BaiduTranslate.m */; };
		C99EEBC62385799D00FEE666 /* TranslateError.m in Sources */ = {isa = PBXBuildFile; fileRef = C99EEB922385799D00FEE666 /* TranslateError.m */; };
		C99EEBC72385799D00FEE666 /* TranslateResult.m in Sources */ = {isa = PBXBuildFile; fileRef = C99EEB932385799D00FEE666 /* TranslateResult.m */; };
		C99EEBC82385799D00FEE666 /* BaiduTranslateResponse.m in Sources */ = {isa = PBXBuildFile; fileRef = C99EEB942385799D00FEE666 /* BaiduTranslateResponse.m */; };
		C99EEBC92385799D00FEE666 /* baidu-translate-sign.js in Resources */ = {isa = PBXBuildFile; fileRef = C99EEB952385799D00FEE666 /* baidu-translate-sign.js */; };
		C99EEBCA2385799D00FEE666 /* TranslateLanguage.m in Sources */ = {isa = PBXBuildFile; fileRef = C99EEB962385799D00FEE666 /* TranslateLanguage.m */; };
		C99EEBCB2385799D00FEE666 /* ImageButton.m in Sources */ = {isa = PBXBuildFile; fileRef = C99EEB9C2385799D00FEE666 /* ImageButton.m */; };
		C99EEBCC2385799D00FEE666 /* NormalResultView.m in Sources */ = {isa = PBXBuildFile; fileRef = C99EEB9D2385799D00FEE666 /* NormalResultView.m */; };
		C99EEBCD2385799D00FEE666 /* QueryView.m in Sources */ = {isa = PBXBuildFile; fileRef = C99EEBA12385799D00FEE666 /* QueryView.m */; };
		C99EEBCE2385799D00FEE666 /* TranslateViewController.m in Sources */ = {isa = PBXBuildFile; fileRef = C99EEBA22385799D00FEE666 /* TranslateViewController.m */; };
		C99EEBCF2385799D00FEE666 /* TranslateWindow.m in Sources */ = {isa = PBXBuildFile; fileRef = C99EEBA42385799D00FEE666 /* TranslateWindow.m */; };
		C99EEBD02385799D00FEE666 /* TranslateWindowController.m in Sources */ = {isa = PBXBuildFile; fileRef = C99EEBA52385799D00FEE666 /* TranslateWindowController.m */; };
		C99EEBD12385799D00FEE666 /* PopUpButton.m in Sources */ = {isa = PBXBuildFile; fileRef = C99EEBA62385799D00FEE666 /* PopUpButton.m */; };
		C99EEBD22385799D00FEE666 /* ResultView.m in Sources */ = {isa = PBXBuildFile; fileRef = C99EEBA82385799D00FEE666 /* ResultView.m */; };
		C99EEBD32385799D00FEE666 /* WordResultView.m in Sources */ = {isa = PBXBuildFile; fileRef = C99EEBA92385799D00FEE666 /* WordResultView.m */; };
		C99EEBD42385799D00FEE666 /* StatusItem.m in Sources */ = {isa = PBXBuildFile; fileRef = C99EEBAB2385799D00FEE666 /* StatusItem.m */; };
		C99EEBD52385799D00FEE666 /* Selection.m in Sources */ = {isa = PBXBuildFile; fileRef = C99EEBAE2385799D00FEE666 /* Selection.m */; };
		C99EEBD62385799D00FEE666 /* MMEventMonitor.m in Sources */ = {isa = PBXBuildFile; fileRef = C99EEBB12385799D00FEE666 /* MMEventMonitor.m */; };
		C99EEBD72385799D00FEE666 /* MMMake.m in Sources */ = {isa = PBXBuildFile; fileRef = C99EEBB22385799D00FEE666 /* MMMake.m */; };
		C99EEBD82385799D00FEE666 /* NSString+MM.m in Sources */ = {isa = PBXBuildFile; fileRef = C99EEBB52385799D00FEE666 /* NSString+MM.m */; };
		C99EEBD92385799D00FEE666 /* NSUserDefaults+MM.m in Sources */ = {isa = PBXBuildFile; fileRef = C99EEBB62385799D00FEE666 /* NSUserDefaults+MM.m */; };
		C99EEBDA2385799D00FEE666 /* NSButton+MM.m in Sources */ = {isa = PBXBuildFile; fileRef = C99EEBB72385799D00FEE666 /* NSButton+MM.m */; };
		C99EEBDB2385799D00FEE666 /* NSAttributedString+MM.m in Sources */ = {isa = PBXBuildFile; fileRef = C99EEBBA2385799D00FEE666 /* NSAttributedString+MM.m */; };
		C99EEBDC2385799D00FEE666 /* NSColor+MM.m in Sources */ = {isa = PBXBuildFile; fileRef = C99EEBBD2385799D00FEE666 /* NSColor+MM.m */; };
		C99EEBDD2385799D00FEE666 /* NSMutableAttributedString+MM.m in Sources */ = {isa = PBXBuildFile; fileRef = C99EEBC22385799D00FEE666 /* NSMutableAttributedString+MM.m */; };
		C99EEBDE2385799D00FEE666 /* NSArray+MM.m in Sources */ = {isa = PBXBuildFile; fileRef = C99EEBC32385799D00FEE666 /* NSArray+MM.m */; };
		C9A66F2D23AE11F900914F54 /* appcast.xml in Resources */ = {isa = PBXBuildFile; fileRef = C9A66F2C23AE11F800914F54 /* appcast.xml */; };
		C9AEF96B23A0D57A003BE95C /* TextView.m in Sources */ = {isa = PBXBuildFile; fileRef = C9AEF96A23A0D57A003BE95C /* TextView.m */; };
		C9C3BDC7238E76B000D5F1C1 /* SnipWindowController.m in Sources */ = {isa = PBXBuildFile; fileRef = C9C3BDC6238E76B000D5F1C1 /* SnipWindowController.m */; };
		C9C3BDCA238E76C800D5F1C1 /* SnipWindow.m in Sources */ = {isa = PBXBuildFile; fileRef = C9C3BDC9238E76C800D5F1C1 /* SnipWindow.m */; };
		C9C3BDCD238E78BA00D5F1C1 /* SnipViewController.m in Sources */ = {isa = PBXBuildFile; fileRef = C9C3BDCC238E78BA00D5F1C1 /* SnipViewController.m */; };
		C9C3BDD3238EA0EF00D5F1C1 /* Snip.m in Sources */ = {isa = PBXBuildFile; fileRef = C9C3BDD2238EA0EF00D5F1C1 /* Snip.m */; };
		C9D679CC23A3403F0073957C /* NSDictionary+MM.m in Sources */ = {isa = PBXBuildFile; fileRef = C9D679CB23A3403F0073957C /* NSDictionary+MM.m */; };
		C9F7E87C23A2165F0025ADF6 /* YoudaoTranslate.m in Sources */ = {isa = PBXBuildFile; fileRef = C9F7E87B23A2165F0025ADF6 /* YoudaoTranslate.m */; };
		D2B213678C42C42C2AD2339C /* Pods_Bob.framework in Frameworks */ = {isa = PBXBuildFile; fileRef = 3F045DD4639F4F9836B1E8D6 /* Pods_Bob.framework */; };
/* End PBXBuildFile section */

/* Begin PBXCopyFilesBuildPhase section */
		C98CAE74239F45DA005F7DCA /* CopyFiles */ = {
			isa = PBXCopyFilesBuildPhase;
			buildActionMask = 2147483647;
			dstPath = Contents/Library/LoginItems;
			dstSubfolderSpec = 1;
			files = (
				C98CAE75239F4619005F7DCA /* BobHelper.app in CopyFiles */,
			);
			runOnlyForDeploymentPostprocessing = 0;
		};
/* End PBXCopyFilesBuildPhase section */

/* Begin PBXFileReference section */
		3A08EDDF832035FD57B6A226 /* Pods-Bob.release.xcconfig */ = {isa = PBXFileReference; includeInIndex = 1; lastKnownFileType = text.xcconfig; name = "Pods-Bob.release.xcconfig"; path = "Target Support Files/Pods-Bob/Pods-Bob.release.xcconfig"; sourceTree = "<group>"; };
		3F045DD4639F4F9836B1E8D6 /* Pods_Bob.framework */ = {isa = PBXFileReference; explicitFileType = wrapper.framework; includeInIndex = 0; path = Pods_Bob.framework; sourceTree = BUILT_PRODUCTS_DIR; };
		C90007F123B3BA710002B6A0 /* NSObject+DarkMode.h */ = {isa = PBXFileReference; lastKnownFileType = sourcecode.c.h; path = "NSObject+DarkMode.h"; sourceTree = "<group>"; };
		C90007F223B3BA710002B6A0 /* NSObject+DarkMode.m */ = {isa = PBXFileReference; lastKnownFileType = sourcecode.c.objc; path = "NSObject+DarkMode.m"; sourceTree = "<group>"; };
		C90007F423B3C5BB0002B6A0 /* NSView+HiddenDebug.h */ = {isa = PBXFileReference; lastKnownFileType = sourcecode.c.h; path = "NSView+HiddenDebug.h"; sourceTree = "<group>"; };
		C90007F523B3C5BB0002B6A0 /* NSView+HiddenDebug.m */ = {isa = PBXFileReference; lastKnownFileType = sourcecode.c.objc; path = "NSView+HiddenDebug.m"; sourceTree = "<group>"; };
		C90BE309239F38EB00ADE88B /* BobHelper.app */ = {isa = PBXFileReference; explicitFileType = wrapper.application; includeInIndex = 0; path = BobHelper.app; sourceTree = BUILT_PRODUCTS_DIR; };
		C90BE30B239F38EB00ADE88B /* AppDelegate.h */ = {isa = PBXFileReference; lastKnownFileType = sourcecode.c.h; path = AppDelegate.h; sourceTree = "<group>"; };
		C90BE30C239F38EB00ADE88B /* AppDelegate.m */ = {isa = PBXFileReference; lastKnownFileType = sourcecode.c.objc; path = AppDelegate.m; sourceTree = "<group>"; };
		C90BE30E239F38EB00ADE88B /* ViewController.h */ = {isa = PBXFileReference; lastKnownFileType = sourcecode.c.h; path = ViewController.h; sourceTree = "<group>"; };
		C90BE30F239F38EB00ADE88B /* ViewController.m */ = {isa = PBXFileReference; lastKnownFileType = sourcecode.c.objc; path = ViewController.m; sourceTree = "<group>"; };
		C90BE311239F38EC00ADE88B /* Assets.xcassets */ = {isa = PBXFileReference; lastKnownFileType = folder.assetcatalog; path = Assets.xcassets; sourceTree = "<group>"; };
		C90BE314239F38EC00ADE88B /* Base */ = {isa = PBXFileReference; lastKnownFileType = file.storyboard; name = Base; path = Base.lproj/Main.storyboard; sourceTree = "<group>"; };
		C90BE316239F38EC00ADE88B /* Info.plist */ = {isa = PBXFileReference; lastKnownFileType = text.plist.xml; path = Info.plist; sourceTree = "<group>"; };
		C90BE317239F38EC00ADE88B /* main.m */ = {isa = PBXFileReference; lastKnownFileType = sourcecode.c.objc; path = main.m; sourceTree = "<group>"; };
		C90BE319239F38EC00ADE88B /* BobHelper.entitlements */ = {isa = PBXFileReference; lastKnownFileType = text.plist.entitlements; path = BobHelper.entitlements; sourceTree = "<group>"; };
		C90C77832391188400A65E42 /* SnipFocusView.h */ = {isa = PBXFileReference; lastKnownFileType = sourcecode.c.h; path = SnipFocusView.h; sourceTree = "<group>"; };
		C90C77842391188400A65E42 /* SnipFocusView.m */ = {isa = PBXFileReference; lastKnownFileType = sourcecode.c.objc; path = SnipFocusView.m; sourceTree = "<group>"; };
		C910456E23A3AF44001D5211 /* Translate.h */ = {isa = PBXFileReference; lastKnownFileType = sourcecode.c.h; path = Translate.h; sourceTree = "<group>"; };
		C910456F23A3AF44001D5211 /* Translate.m */ = {isa = PBXFileReference; lastKnownFileType = sourcecode.c.objc; path = Translate.m; sourceTree = "<group>"; };
		C91C153623AB8B0600CCAEC0 /* MMTool.h */ = {isa = PBXFileReference; lastKnownFileType = sourcecode.c.h; path = MMTool.h; sourceTree = "<group>"; };
		C91C153723AB8B0600CCAEC0 /* MMTool.m */ = {isa = PBXFileReference; lastKnownFileType = sourcecode.c.objc; path = MMTool.m; sourceTree = "<group>"; };
		C91DF6AE23A35E07009CB158 /* MMOrderedDictionary.m */ = {isa = PBXFileReference; fileEncoding = 4; lastKnownFileType = sourcecode.c.objc; path = MMOrderedDictionary.m; sourceTree = "<group>"; };
		C91DF6AF23A35E07009CB158 /* MMOrderedDictionary.h */ = {isa = PBXFileReference; fileEncoding = 4; lastKnownFileType = sourcecode.c.h; path = MMOrderedDictionary.h; sourceTree = "<group>"; };
		C91DF6B123A375E5009CB158 /* YoudaoTranslateResponse.h */ = {isa = PBXFileReference; lastKnownFileType = sourcecode.c.h; path = YoudaoTranslateResponse.h; sourceTree = "<group>"; };
		C91DF6B223A375E5009CB158 /* YoudaoTranslateResponse.m */ = {isa = PBXFileReference; lastKnownFileType = sourcecode.c.objc; path = YoudaoTranslateResponse.m; sourceTree = "<group>"; };
		C91DF6B523A390A7009CB158 /* YoudaoOCRResponse.h */ = {isa = PBXFileReference; lastKnownFileType = sourcecode.c.h; path = YoudaoOCRResponse.h; sourceTree = "<group>"; };
		C91DF6B623A390A7009CB158 /* YoudaoOCRResponse.m */ = {isa = PBXFileReference; lastKnownFileType = sourcecode.c.objc; path = YoudaoOCRResponse.m; sourceTree = "<group>"; };
		C959D338238809B800DD8808 /* OCRResult.h */ = {isa = PBXFileReference; lastKnownFileType = sourcecode.c.h; path = OCRResult.h; sourceTree = "<group>"; };
		C959D339238809B800DD8808 /* OCRResult.m */ = {isa = PBXFileReference; lastKnownFileType = sourcecode.c.objc; path = OCRResult.m; sourceTree = "<group>"; };
		C9676F2923A0908F007DD023 /* NSPasteboard+MM.h */ = {isa = PBXFileReference; lastKnownFileType = sourcecode.c.h; path = "NSPasteboard+MM.h"; sourceTree = "<group>"; };
		C9676F2A23A0908F007DD023 /* NSPasteboard+MM.m */ = {isa = PBXFileReference; lastKnownFileType = sourcecode.c.objc; path = "NSPasteboard+MM.m"; sourceTree = "<group>"; };
		C9889F5F23AA0FDA00C2D127 /* GoogleTranslate.h */ = {isa = PBXFileReference; lastKnownFileType = sourcecode.c.h; path = GoogleTranslate.h; sourceTree = "<group>"; };
		C9889F6023AA0FDA00C2D127 /* GoogleTranslate.m */ = {isa = PBXFileReference; lastKnownFileType = sourcecode.c.objc; path = GoogleTranslate.m; sourceTree = "<group>"; };
		C9889F6323AA25C800C2D127 /* google-translate-sign.js */ = {isa = PBXFileReference; fileEncoding = 4; lastKnownFileType = sourcecode.javascript; path = "google-translate-sign.js"; sourceTree = "<group>"; };
		C988B28623B1F12D007C8108 /* DarkModeManager.h */ = {isa = PBXFileReference; lastKnownFileType = sourcecode.c.h; path = DarkModeManager.h; sourceTree = "<group>"; };
		C988B28723B1F12D007C8108 /* DarkModeManager.m */ = {isa = PBXFileReference; lastKnownFileType = sourcecode.c.objc; path = DarkModeManager.m; sourceTree = "<group>"; };
		C988B28923B1F135007C8108 /* Singleton.h */ = {isa = PBXFileReference; fileEncoding = 4; lastKnownFileType = sourcecode.c.h; path = Singleton.h; sourceTree = "<group>"; };
		C98C179F239E3F4A00BD02DB /* PreferencesWindowController.h */ = {isa = PBXFileReference; lastKnownFileType = sourcecode.c.h; path = PreferencesWindowController.h; sourceTree = "<group>"; };
		C98C17A0239E3F4A00BD02DB /* PreferencesWindowController.m */ = {isa = PBXFileReference; lastKnownFileType = sourcecode.c.objc; path = PreferencesWindowController.m; sourceTree = "<group>"; };
		C98C17A2239E40AC00BD02DB /* GeneralViewController.h */ = {isa = PBXFileReference; lastKnownFileType = sourcecode.c.h; path = GeneralViewController.h; sourceTree = "<group>"; };
		C98C17A3239E40AC00BD02DB /* GeneralViewController.m */ = {isa = PBXFileReference; lastKnownFileType = sourcecode.c.objc; path = GeneralViewController.m; sourceTree = "<group>"; };
		C98C17A4239E40AC00BD02DB /* GeneralViewController.xib */ = {isa = PBXFileReference; lastKnownFileType = file.xib; path = GeneralViewController.xib; sourceTree = "<group>"; };
		C98C17A7239E410300BD02DB /* AboutViewController.h */ = {isa = PBXFileReference; lastKnownFileType = sourcecode.c.h; path = AboutViewController.h; sourceTree = "<group>"; };
		C98C17A8239E410300BD02DB /* AboutViewController.m */ = {isa = PBXFileReference; lastKnownFileType = sourcecode.c.objc; path = AboutViewController.m; sourceTree = "<group>"; };
		C98C17A9239E410300BD02DB /* AboutViewController.xib */ = {isa = PBXFileReference; lastKnownFileType = file.xib; path = AboutViewController.xib; sourceTree = "<group>"; };
		C98C17AE239E516A00BD02DB /* Shortcut.h */ = {isa = PBXFileReference; lastKnownFileType = sourcecode.c.h; path = Shortcut.h; sourceTree = "<group>"; };
		C98C17AF239E516A00BD02DB /* Shortcut.m */ = {isa = PBXFileReference; lastKnownFileType = sourcecode.c.objc; path = Shortcut.m; sourceTree = "<group>"; };
		C98CFA20239F8CDA00FB7EC4 /* Bob-Bridging-Header.h */ = {isa = PBXFileReference; lastKnownFileType = sourcecode.c.h; path = "Bob-Bridging-Header.h"; sourceTree = "<group>"; };
		C98CFA21239F8CDB00FB7EC4 /* MMLog.swift */ = {isa = PBXFileReference; fileEncoding = 4; lastKnownFileType = sourcecode.swift; path = MMLog.swift; sourceTree = "<group>"; };
		C98CFA22239F8CDB00FB7EC4 /* MMFileLogFormatter.m */ = {isa = PBXFileReference; fileEncoding = 4; lastKnownFileType = sourcecode.c.objc; path = MMFileLogFormatter.m; sourceTree = "<group>"; };
		C98CFA23239F8CDB00FB7EC4 /* MMLog.h */ = {isa = PBXFileReference; fileEncoding = 4; lastKnownFileType = sourcecode.c.h; path = MMLog.h; sourceTree = "<group>"; };
		C98CFA24239F8CDB00FB7EC4 /* MMConsoleLogFormatter.m */ = {isa = PBXFileReference; fileEncoding = 4; lastKnownFileType = sourcecode.c.objc; path = MMConsoleLogFormatter.m; sourceTree = "<group>"; };
		C98CFA25239F8CDB00FB7EC4 /* MMFileLogFormatter.h */ = {isa = PBXFileReference; fileEncoding = 4; lastKnownFileType = sourcecode.c.h; path = MMFileLogFormatter.h; sourceTree = "<group>"; };
		C98CFA26239F8CDB00FB7EC4 /* MMLog.m */ = {isa = PBXFileReference; fileEncoding = 4; lastKnownFileType = sourcecode.c.objc; path = MMLog.m; sourceTree = "<group>"; };
		C98CFA27239F8CDB00FB7EC4 /* MMConsoleLogFormatter.h */ = {isa = PBXFileReference; fileEncoding = 4; lastKnownFileType = sourcecode.c.h; path = MMConsoleLogFormatter.h; sourceTree = "<group>"; };
		C98CFA2D239FA6F400FB7EC4 /* MMCrashUncaughtExceptionHandler.m */ = {isa = PBXFileReference; fileEncoding = 4; lastKnownFileType = sourcecode.c.objc; path = MMCrashUncaughtExceptionHandler.m; sourceTree = "<group>"; };
		C98CFA2E239FA6F400FB7EC4 /* MMCrashFileTool.h */ = {isa = PBXFileReference; fileEncoding = 4; lastKnownFileType = sourcecode.c.h; path = MMCrashFileTool.h; sourceTree = "<group>"; };
		C98CFA2F239FA6F400FB7EC4 /* MMCrashSignalExceptionHandler.m */ = {isa = PBXFileReference; fileEncoding = 4; lastKnownFileType = sourcecode.c.objc; path = MMCrashSignalExceptionHandler.m; sourceTree = "<group>"; };
		C98CFA30239FA6F400FB7EC4 /* MMCrashSignalExceptionHandler.h */ = {isa = PBXFileReference; fileEncoding = 4; lastKnownFileType = sourcecode.c.h; path = MMCrashSignalExceptionHandler.h; sourceTree = "<group>"; };
		C98CFA31239FA6F400FB7EC4 /* MMCrashFileTool.m */ = {isa = PBXFileReference; fileEncoding = 4; lastKnownFileType = sourcecode.c.objc; path = MMCrashFileTool.m; sourceTree = "<group>"; };
		C98CFA32239FA6F400FB7EC4 /* MMCrashUncaughtExceptionHandler.h */ = {isa = PBXFileReference; fileEncoding = 4; lastKnownFileType = sourcecode.c.h; path = MMCrashUncaughtExceptionHandler.h; sourceTree = "<group>"; };
		C98CFA36239FA8E500FB7EC4 /* MMCrash.h */ = {isa = PBXFileReference; lastKnownFileType = sourcecode.c.h; path = MMCrash.h; sourceTree = "<group>"; };
		C98CFA37239FA8E500FB7EC4 /* MMCrash.m */ = {isa = PBXFileReference; lastKnownFileType = sourcecode.c.objc; path = MMCrash.m; sourceTree = "<group>"; };
		C99031D123A09E4300E904D4 /* zh-Hans */ = {isa = PBXFileReference; lastKnownFileType = text.plist.strings; name = "zh-Hans"; path = "zh-Hans.lproj/Main.strings"; sourceTree = "<group>"; };
		C99031D223A09E4300E904D4 /* zh-Hans */ = {isa = PBXFileReference; lastKnownFileType = text.plist.strings; name = "zh-Hans"; path = "zh-Hans.lproj/Main.strings"; sourceTree = "<group>"; };
		C99142722390FCBD0025E75E /* NSImage+MM.h */ = {isa = PBXFileReference; lastKnownFileType = sourcecode.c.h; path = "NSImage+MM.h"; sourceTree = "<group>"; };
		C99142732390FCBD0025E75E /* NSImage+MM.m */ = {isa = PBXFileReference; lastKnownFileType = sourcecode.c.objc; path = "NSImage+MM.m"; sourceTree = "<group>"; };
		C9986E1A2393B06C0016F569 /* NSView+MM.h */ = {isa = PBXFileReference; lastKnownFileType = sourcecode.c.h; path = "NSView+MM.h"; sourceTree = "<group>"; };
		C9986E1B2393B06C0016F569 /* NSView+MM.m */ = {isa = PBXFileReference; lastKnownFileType = sourcecode.c.objc; path = "NSView+MM.m"; sourceTree = "<group>"; };
		C9986E1D2393B09E0016F569 /* NSWindow+MM.h */ = {isa = PBXFileReference; lastKnownFileType = sourcecode.c.h; path = "NSWindow+MM.h"; sourceTree = "<group>"; };
		C9986E1E2393B09E0016F569 /* NSWindow+MM.m */ = {isa = PBXFileReference; lastKnownFileType = sourcecode.c.objc; path = "NSWindow+MM.m"; sourceTree = "<group>"; };
		C99EEB182385796700FEE666 /* Bob.app */ = {isa = PBXFileReference; explicitFileType = wrapper.application; includeInIndex = 0; path = Bob.app; sourceTree = BUILT_PRODUCTS_DIR; };
		C99EEB1B2385796700FEE666 /* AppDelegate.h */ = {isa = PBXFileReference; lastKnownFileType = sourcecode.c.h; path = AppDelegate.h; sourceTree = "<group>"; };
		C99EEB1C2385796700FEE666 /* AppDelegate.m */ = {isa = PBXFileReference; lastKnownFileType = sourcecode.c.objc; path = AppDelegate.m; sourceTree = "<group>"; };
		C99EEB212385796900FEE666 /* Assets.xcassets */ = {isa = PBXFileReference; lastKnownFileType = folder.assetcatalog; path = Assets.xcassets; sourceTree = "<group>"; };
		C99EEB242385796900FEE666 /* Base */ = {isa = PBXFileReference; lastKnownFileType = file.storyboard; name = Base; path = Base.lproj/Main.storyboard; sourceTree = "<group>"; };
		C99EEB262385796900FEE666 /* Info.plist */ = {isa = PBXFileReference; lastKnownFileType = text.plist.xml; path = Info.plist; sourceTree = "<group>"; };
		C99EEB272385796900FEE666 /* main.m */ = {isa = PBXFileReference; lastKnownFileType = sourcecode.c.objc; path = main.m; sourceTree = "<group>"; };
		C99EEB292385796900FEE666 /* Bob.entitlements */ = {isa = PBXFileReference; lastKnownFileType = text.plist.entitlements; path = Bob.entitlements; sourceTree = "<group>"; };
		C99EEB892385799D00FEE666 /* Configuration.h */ = {isa = PBXFileReference; fileEncoding = 4; lastKnownFileType = sourcecode.c.h; path = Configuration.h; sourceTree = "<group>"; };
		C99EEB8A2385799D00FEE666 /* Configuration.m */ = {isa = PBXFileReference; fileEncoding = 4; lastKnownFileType = sourcecode.c.objc; path = Configuration.m; sourceTree = "<group>"; };
		C99EEB8C2385799D00FEE666 /* TranslateError.h */ = {isa = PBXFileReference; fileEncoding = 4; lastKnownFileType = sourcecode.c.h; path = TranslateError.h; sourceTree = "<group>"; };
		C99EEB8D2385799D00FEE666 /* BaiduTranslate.h */ = {isa = PBXFileReference; fileEncoding = 4; lastKnownFileType = sourcecode.c.h; path = BaiduTranslate.h; sourceTree = "<group>"; };
		C99EEB8E2385799D00FEE666 /* BaiduTranslateResponse.h */ = {isa = PBXFileReference; fileEncoding = 4; lastKnownFileType = sourcecode.c.h; path = BaiduTranslateResponse.h; sourceTree = "<group>"; };
		C99EEB8F2385799D00FEE666 /* TranslateResult.h */ = {isa = PBXFileReference; fileEncoding = 4; lastKnownFileType = sourcecode.c.h; path = TranslateResult.h; sourceTree = "<group>"; };
		C99EEB902385799D00FEE666 /* TranslateLanguage.h */ = {isa = PBXFileReference; fileEncoding = 4; lastKnownFileType = sourcecode.c.h; path = TranslateLanguage.h; sourceTree = "<group>"; };
		C99EEB912385799D00FEE666 /* BaiduTranslate.m */ = {isa = PBXFileReference; fileEncoding = 4; lastKnownFileType = sourcecode.c.objc; path = BaiduTranslate.m; sourceTree = "<group>"; };
		C99EEB922385799D00FEE666 /* TranslateError.m */ = {isa = PBXFileReference; fileEncoding = 4; lastKnownFileType = sourcecode.c.objc; path = TranslateError.m; sourceTree = "<group>"; };
		C99EEB932385799D00FEE666 /* TranslateResult.m */ = {isa = PBXFileReference; fileEncoding = 4; lastKnownFileType = sourcecode.c.objc; path = TranslateResult.m; sourceTree = "<group>"; };
		C99EEB942385799D00FEE666 /* BaiduTranslateResponse.m */ = {isa = PBXFileReference; fileEncoding = 4; lastKnownFileType = sourcecode.c.objc; path = BaiduTranslateResponse.m; sourceTree = "<group>"; };
		C99EEB952385799D00FEE666 /* baidu-translate-sign.js */ = {isa = PBXFileReference; fileEncoding = 4; lastKnownFileType = sourcecode.javascript; path = "baidu-translate-sign.js"; sourceTree = "<group>"; };
		C99EEB962385799D00FEE666 /* TranslateLanguage.m */ = {isa = PBXFileReference; fileEncoding = 4; lastKnownFileType = sourcecode.c.objc; path = TranslateLanguage.m; sourceTree = "<group>"; };
		C99EEB982385799D00FEE666 /* TranslateViewController.h */ = {isa = PBXFileReference; fileEncoding = 4; lastKnownFileType = sourcecode.c.h; path = TranslateViewController.h; sourceTree = "<group>"; };
		C99EEB992385799D00FEE666 /* QueryView.h */ = {isa = PBXFileReference; fileEncoding = 4; lastKnownFileType = sourcecode.c.h; path = QueryView.h; sourceTree = "<group>"; };
		C99EEB9A2385799D00FEE666 /* TranslateWindowController.h */ = {isa = PBXFileReference; fileEncoding = 4; lastKnownFileType = sourcecode.c.h; path = TranslateWindowController.h; sourceTree = "<group>"; };
		C99EEB9B2385799D00FEE666 /* TranslateWindow.h */ = {isa = PBXFileReference; fileEncoding = 4; lastKnownFileType = sourcecode.c.h; path = TranslateWindow.h; sourceTree = "<group>"; };
		C99EEB9C2385799D00FEE666 /* ImageButton.m */ = {isa = PBXFileReference; fileEncoding = 4; lastKnownFileType = sourcecode.c.objc; path = ImageButton.m; sourceTree = "<group>"; };
		C99EEB9D2385799D00FEE666 /* NormalResultView.m */ = {isa = PBXFileReference; fileEncoding = 4; lastKnownFileType = sourcecode.c.objc; path = NormalResultView.m; sourceTree = "<group>"; };
		C99EEB9E2385799D00FEE666 /* ResultView.h */ = {isa = PBXFileReference; fileEncoding = 4; lastKnownFileType = sourcecode.c.h; path = ResultView.h; sourceTree = "<group>"; };
		C99EEB9F2385799D00FEE666 /* PopUpButton.h */ = {isa = PBXFileReference; fileEncoding = 4; lastKnownFileType = sourcecode.c.h; path = PopUpButton.h; sourceTree = "<group>"; };
		C99EEBA02385799D00FEE666 /* WordResultView.h */ = {isa = PBXFileReference; fileEncoding = 4; lastKnownFileType = sourcecode.c.h; path = WordResultView.h; sourceTree = "<group>"; };
		C99EEBA12385799D00FEE666 /* QueryView.m */ = {isa = PBXFileReference; fileEncoding = 4; lastKnownFileType = sourcecode.c.objc; path = QueryView.m; sourceTree = "<group>"; };
		C99EEBA22385799D00FEE666 /* TranslateViewController.m */ = {isa = PBXFileReference; fileEncoding = 4; lastKnownFileType = sourcecode.c.objc; path = TranslateViewController.m; sourceTree = "<group>"; };
		C99EEBA32385799D00FEE666 /* ImageButton.h */ = {isa = PBXFileReference; fileEncoding = 4; lastKnownFileType = sourcecode.c.h; path = ImageButton.h; sourceTree = "<group>"; };
		C99EEBA42385799D00FEE666 /* TranslateWindow.m */ = {isa = PBXFileReference; fileEncoding = 4; lastKnownFileType = sourcecode.c.objc; path = TranslateWindow.m; sourceTree = "<group>"; };
		C99EEBA52385799D00FEE666 /* TranslateWindowController.m */ = {isa = PBXFileReference; fileEncoding = 4; lastKnownFileType = sourcecode.c.objc; path = TranslateWindowController.m; sourceTree = "<group>"; };
		C99EEBA62385799D00FEE666 /* PopUpButton.m */ = {isa = PBXFileReference; fileEncoding = 4; lastKnownFileType = sourcecode.c.objc; path = PopUpButton.m; sourceTree = "<group>"; };
		C99EEBA72385799D00FEE666 /* NormalResultView.h */ = {isa = PBXFileReference; fileEncoding = 4; lastKnownFileType = sourcecode.c.h; path = NormalResultView.h; sourceTree = "<group>"; };
		C99EEBA82385799D00FEE666 /* ResultView.m */ = {isa = PBXFileReference; fileEncoding = 4; lastKnownFileType = sourcecode.c.objc; path = ResultView.m; sourceTree = "<group>"; };
		C99EEBA92385799D00FEE666 /* WordResultView.m */ = {isa = PBXFileReference; fileEncoding = 4; lastKnownFileType = sourcecode.c.objc; path = WordResultView.m; sourceTree = "<group>"; };
		C99EEBAB2385799D00FEE666 /* StatusItem.m */ = {isa = PBXFileReference; fileEncoding = 4; lastKnownFileType = sourcecode.c.objc; path = StatusItem.m; sourceTree = "<group>"; };
		C99EEBAC2385799D00FEE666 /* StatusItem.h */ = {isa = PBXFileReference; fileEncoding = 4; lastKnownFileType = sourcecode.c.h; path = StatusItem.h; sourceTree = "<group>"; };
		C99EEBAE2385799D00FEE666 /* Selection.m */ = {isa = PBXFileReference; fileEncoding = 4; lastKnownFileType = sourcecode.c.objc; path = Selection.m; sourceTree = "<group>"; };
		C99EEBAF2385799D00FEE666 /* Selection.h */ = {isa = PBXFileReference; fileEncoding = 4; lastKnownFileType = sourcecode.c.h; path = Selection.h; sourceTree = "<group>"; };
		C99EEBB12385799D00FEE666 /* MMEventMonitor.m */ = {isa = PBXFileReference; fileEncoding = 4; lastKnownFileType = sourcecode.c.objc; path = MMEventMonitor.m; sourceTree = "<group>"; };
		C99EEBB22385799D00FEE666 /* MMMake.m */ = {isa = PBXFileReference; fileEncoding = 4; lastKnownFileType = sourcecode.c.objc; path = MMMake.m; sourceTree = "<group>"; };
		C99EEBB32385799D00FEE666 /* NSAttributedString+MM.h */ = {isa = PBXFileReference; fileEncoding = 4; lastKnownFileType = sourcecode.c.h; path = "NSAttributedString+MM.h"; sourceTree = "<group>"; };
		C99EEBB42385799D00FEE666 /* NSColor+MM.h */ = {isa = PBXFileReference; fileEncoding = 4; lastKnownFileType = sourcecode.c.h; path = "NSColor+MM.h"; sourceTree = "<group>"; };
		C99EEBB52385799D00FEE666 /* NSString+MM.m */ = {isa = PBXFileReference; fileEncoding = 4; lastKnownFileType = sourcecode.c.objc; path = "NSString+MM.m"; sourceTree = "<group>"; };
		C99EEBB62385799D00FEE666 /* NSUserDefaults+MM.m */ = {isa = PBXFileReference; fileEncoding = 4; lastKnownFileType = sourcecode.c.objc; path = "NSUserDefaults+MM.m"; sourceTree = "<group>"; };
		C99EEBB72385799D00FEE666 /* NSButton+MM.m */ = {isa = PBXFileReference; fileEncoding = 4; lastKnownFileType = sourcecode.c.objc; path = "NSButton+MM.m"; sourceTree = "<group>"; };
		C99EEBB82385799D00FEE666 /* NSArray+MM.h */ = {isa = PBXFileReference; fileEncoding = 4; lastKnownFileType = sourcecode.c.h; path = "NSArray+MM.h"; sourceTree = "<group>"; };
		C99EEBB92385799D00FEE666 /* NSMutableAttributedString+MM.h */ = {isa = PBXFileReference; fileEncoding = 4; lastKnownFileType = sourcecode.c.h; path = "NSMutableAttributedString+MM.h"; sourceTree = "<group>"; };
		C99EEBBA2385799D00FEE666 /* NSAttributedString+MM.m */ = {isa = PBXFileReference; fileEncoding = 4; lastKnownFileType = sourcecode.c.objc; path = "NSAttributedString+MM.m"; sourceTree = "<group>"; };
		C99EEBBB2385799D00FEE666 /* MMMake.h */ = {isa = PBXFileReference; fileEncoding = 4; lastKnownFileType = sourcecode.c.h; path = MMMake.h; sourceTree = "<group>"; };
		C99EEBBC2385799D00FEE666 /* MMEventMonitor.h */ = {isa = PBXFileReference; fileEncoding = 4; lastKnownFileType = sourcecode.c.h; path = MMEventMonitor.h; sourceTree = "<group>"; };
		C99EEBBD2385799D00FEE666 /* NSColor+MM.m */ = {isa = PBXFileReference; fileEncoding = 4; lastKnownFileType = sourcecode.c.objc; path = "NSColor+MM.m"; sourceTree = "<group>"; };
		C99EEBBE2385799D00FEE666 /* MMMacro.h */ = {isa = PBXFileReference; fileEncoding = 4; lastKnownFileType = sourcecode.c.h; path = MMMacro.h; sourceTree = "<group>"; };
		C99EEBBF2385799D00FEE666 /* NSButton+MM.h */ = {isa = PBXFileReference; fileEncoding = 4; lastKnownFileType = sourcecode.c.h; path = "NSButton+MM.h"; sourceTree = "<group>"; };
		C99EEBC02385799D00FEE666 /* NSUserDefaults+MM.h */ = {isa = PBXFileReference; fileEncoding = 4; lastKnownFileType = sourcecode.c.h; path = "NSUserDefaults+MM.h"; sourceTree = "<group>"; };
		C99EEBC12385799D00FEE666 /* NSString+MM.h */ = {isa = PBXFileReference; fileEncoding = 4; lastKnownFileType = sourcecode.c.h; path = "NSString+MM.h"; sourceTree = "<group>"; };
		C99EEBC22385799D00FEE666 /* NSMutableAttributedString+MM.m */ = {isa = PBXFileReference; fileEncoding = 4; lastKnownFileType = sourcecode.c.objc; path = "NSMutableAttributedString+MM.m"; sourceTree = "<group>"; };
		C99EEBC32385799D00FEE666 /* NSArray+MM.m */ = {isa = PBXFileReference; fileEncoding = 4; lastKnownFileType = sourcecode.c.objc; path = "NSArray+MM.m"; sourceTree = "<group>"; };
		C99EEBDF238585E700FEE666 /* PrefixHeader.pch */ = {isa = PBXFileReference; lastKnownFileType = sourcecode.c.h; path = PrefixHeader.pch; sourceTree = "<group>"; };
		C9A66F2C23AE11F800914F54 /* appcast.xml */ = {isa = PBXFileReference; fileEncoding = 4; lastKnownFileType = text.xml; path = appcast.xml; sourceTree = SOURCE_ROOT; };
		C9AEF96923A0D57A003BE95C /* TextView.h */ = {isa = PBXFileReference; lastKnownFileType = sourcecode.c.h; path = TextView.h; sourceTree = "<group>"; };
		C9AEF96A23A0D57A003BE95C /* TextView.m */ = {isa = PBXFileReference; lastKnownFileType = sourcecode.c.objc; path = TextView.m; sourceTree = "<group>"; };
		C9C3BDC5238E76B000D5F1C1 /* SnipWindowController.h */ = {isa = PBXFileReference; lastKnownFileType = sourcecode.c.h; path = SnipWindowController.h; sourceTree = "<group>"; };
		C9C3BDC6238E76B000D5F1C1 /* SnipWindowController.m */ = {isa = PBXFileReference; lastKnownFileType = sourcecode.c.objc; path = SnipWindowController.m; sourceTree = "<group>"; };
		C9C3BDC8238E76C800D5F1C1 /* SnipWindow.h */ = {isa = PBXFileReference; lastKnownFileType = sourcecode.c.h; path = SnipWindow.h; sourceTree = "<group>"; };
		C9C3BDC9238E76C800D5F1C1 /* SnipWindow.m */ = {isa = PBXFileReference; lastKnownFileType = sourcecode.c.objc; path = SnipWindow.m; sourceTree = "<group>"; };
		C9C3BDCB238E78BA00D5F1C1 /* SnipViewController.h */ = {isa = PBXFileReference; lastKnownFileType = sourcecode.c.h; path = SnipViewController.h; sourceTree = "<group>"; };
		C9C3BDCC238E78BA00D5F1C1 /* SnipViewController.m */ = {isa = PBXFileReference; lastKnownFileType = sourcecode.c.objc; path = SnipViewController.m; sourceTree = "<group>"; };
		C9C3BDD1238EA0EF00D5F1C1 /* Snip.h */ = {isa = PBXFileReference; lastKnownFileType = sourcecode.c.h; path = Snip.h; sourceTree = "<group>"; };
		C9C3BDD2238EA0EF00D5F1C1 /* Snip.m */ = {isa = PBXFileReference; lastKnownFileType = sourcecode.c.objc; path = Snip.m; sourceTree = "<group>"; };
		C9D679CA23A3403F0073957C /* NSDictionary+MM.h */ = {isa = PBXFileReference; lastKnownFileType = sourcecode.c.h; path = "NSDictionary+MM.h"; sourceTree = "<group>"; };
		C9D679CB23A3403F0073957C /* NSDictionary+MM.m */ = {isa = PBXFileReference; lastKnownFileType = sourcecode.c.objc; path = "NSDictionary+MM.m"; sourceTree = "<group>"; };
		C9F7E87A23A2165F0025ADF6 /* YoudaoTranslate.h */ = {isa = PBXFileReference; lastKnownFileType = sourcecode.c.h; path = YoudaoTranslate.h; sourceTree = "<group>"; };
		C9F7E87B23A2165F0025ADF6 /* YoudaoTranslate.m */ = {isa = PBXFileReference; lastKnownFileType = sourcecode.c.objc; path = YoudaoTranslate.m; sourceTree = "<group>"; };
		DA7129FC389066F3A2227458 /* Pods-Bob.debug.xcconfig */ = {isa = PBXFileReference; includeInIndex = 1; lastKnownFileType = text.xcconfig; name = "Pods-Bob.debug.xcconfig"; path = "Target Support Files/Pods-Bob/Pods-Bob.debug.xcconfig"; sourceTree = "<group>"; };
/* End PBXFileReference section */

/* Begin PBXFrameworksBuildPhase section */
		C90BE306239F38EB00ADE88B /* Frameworks */ = {
			isa = PBXFrameworksBuildPhase;
			buildActionMask = 2147483647;
			files = (
			);
			runOnlyForDeploymentPostprocessing = 0;
		};
		C99EEB152385796700FEE666 /* Frameworks */ = {
			isa = PBXFrameworksBuildPhase;
			buildActionMask = 2147483647;
			files = (
				D2B213678C42C42C2AD2339C /* Pods_Bob.framework in Frameworks */,
			);
			runOnlyForDeploymentPostprocessing = 0;
		};
/* End PBXFrameworksBuildPhase section */

/* Begin PBXGroup section */
		713A345D86B5BC86D158B68F /* Frameworks */ = {
			isa = PBXGroup;
			children = (
				3F045DD4639F4F9836B1E8D6 /* Pods_Bob.framework */,
			);
			name = Frameworks;
			sourceTree = "<group>";
		};
		9CB57B9B45EC322A11ED8865 /* Pods */ = {
			isa = PBXGroup;
			children = (
				DA7129FC389066F3A2227458 /* Pods-Bob.debug.xcconfig */,
				3A08EDDF832035FD57B6A226 /* Pods-Bob.release.xcconfig */,
			);
			path = Pods;
			sourceTree = "<group>";
		};
		C90BE30A239F38EB00ADE88B /* BobHelper */ = {
			isa = PBXGroup;
			children = (
				C90BE30B239F38EB00ADE88B /* AppDelegate.h */,
				C90BE30C239F38EB00ADE88B /* AppDelegate.m */,
				C90BE30E239F38EB00ADE88B /* ViewController.h */,
				C90BE30F239F38EB00ADE88B /* ViewController.m */,
				C90BE311239F38EC00ADE88B /* Assets.xcassets */,
				C90BE313239F38EC00ADE88B /* Main.storyboard */,
				C90BE316239F38EC00ADE88B /* Info.plist */,
				C90BE317239F38EC00ADE88B /* main.m */,
				C90BE319239F38EC00ADE88B /* BobHelper.entitlements */,
			);
			path = BobHelper;
			sourceTree = "<group>";
		};
		C9889F5E23AA0FC700C2D127 /* Google */ = {
			isa = PBXGroup;
			children = (
				C9889F5F23AA0FDA00C2D127 /* GoogleTranslate.h */,
				C9889F6023AA0FDA00C2D127 /* GoogleTranslate.m */,
				C9889F6323AA25C800C2D127 /* google-translate-sign.js */,
			);
			path = Google;
			sourceTree = "<group>";
		};
		C988B28523B1F11F007C8108 /* DarkMode */ = {
			isa = PBXGroup;
			children = (
				C988B28923B1F135007C8108 /* Singleton.h */,
				C988B28623B1F12D007C8108 /* DarkModeManager.h */,
				C988B28723B1F12D007C8108 /* DarkModeManager.m */,
				C90007F123B3BA710002B6A0 /* NSObject+DarkMode.h */,
				C90007F223B3BA710002B6A0 /* NSObject+DarkMode.m */,
				C90007F423B3C5BB0002B6A0 /* NSView+HiddenDebug.h */,
				C90007F523B3C5BB0002B6A0 /* NSView+HiddenDebug.m */,
			);
			path = DarkMode;
			sourceTree = "<group>";
		};
		C98C179A239E1B7400BD02DB /* PerferenceWindow */ = {
			isa = PBXGroup;
			children = (
				C98C179F239E3F4A00BD02DB /* PreferencesWindowController.h */,
				C98C17A0239E3F4A00BD02DB /* PreferencesWindowController.m */,
				C98C17A2239E40AC00BD02DB /* GeneralViewController.h */,
				C98C17A3239E40AC00BD02DB /* GeneralViewController.m */,
				C98C17A4239E40AC00BD02DB /* GeneralViewController.xib */,
				C98C17A7239E410300BD02DB /* AboutViewController.h */,
				C98C17A8239E410300BD02DB /* AboutViewController.m */,
				C98C17A9239E410300BD02DB /* AboutViewController.xib */,
			);
			path = PerferenceWindow;
			sourceTree = "<group>";
		};
		C98C17AD239E511200BD02DB /* Shortcut */ = {
			isa = PBXGroup;
			children = (
				C98C17AE239E516A00BD02DB /* Shortcut.h */,
				C98C17AF239E516A00BD02DB /* Shortcut.m */,
			);
			path = Shortcut;
			sourceTree = "<group>";
		};
		C98CFA1E239F8C4000FB7EC4 /* MMKit */ = {
			isa = PBXGroup;
			children = (
				C99EEBB02385799D00FEE666 /* Utility */,
				C98CFA1F239F8C4E00FB7EC4 /* Log */,
				C98CFA2C239FA6F400FB7EC4 /* Crash */,
			);
			path = MMKit;
			sourceTree = "<group>";
		};
		C98CFA1F239F8C4E00FB7EC4 /* Log */ = {
			isa = PBXGroup;
			children = (
				C98CFA23239F8CDB00FB7EC4 /* MMLog.h */,
				C98CFA26239F8CDB00FB7EC4 /* MMLog.m */,
				C98CFA21239F8CDB00FB7EC4 /* MMLog.swift */,
				C98CFA27239F8CDB00FB7EC4 /* MMConsoleLogFormatter.h */,
				C98CFA24239F8CDB00FB7EC4 /* MMConsoleLogFormatter.m */,
				C98CFA25239F8CDB00FB7EC4 /* MMFileLogFormatter.h */,
				C98CFA22239F8CDB00FB7EC4 /* MMFileLogFormatter.m */,
			);
			path = Log;
			sourceTree = "<group>";
		};
		C98CFA2C239FA6F400FB7EC4 /* Crash */ = {
			isa = PBXGroup;
			children = (
				C98CFA36239FA8E500FB7EC4 /* MMCrash.h */,
				C98CFA37239FA8E500FB7EC4 /* MMCrash.m */,
				C98CFA2E239FA6F400FB7EC4 /* MMCrashFileTool.h */,
				C98CFA31239FA6F400FB7EC4 /* MMCrashFileTool.m */,
				C98CFA2D239FA6F400FB7EC4 /* MMCrashUncaughtExceptionHandler.m */,
				C98CFA32239FA6F400FB7EC4 /* MMCrashUncaughtExceptionHandler.h */,
				C98CFA30239FA6F400FB7EC4 /* MMCrashSignalExceptionHandler.h */,
				C98CFA2F239FA6F400FB7EC4 /* MMCrashSignalExceptionHandler.m */,
			);
			path = Crash;
			sourceTree = "<group>";
		};
		C99EEB0F2385796700FEE666 = {
			isa = PBXGroup;
			children = (
				C99EEB1A2385796700FEE666 /* Bob */,
				C90BE30A239F38EB00ADE88B /* BobHelper */,
				C99EEB192385796700FEE666 /* Products */,
				9CB57B9B45EC322A11ED8865 /* Pods */,
				713A345D86B5BC86D158B68F /* Frameworks */,
			);
			sourceTree = "<group>";
		};
		C99EEB192385796700FEE666 /* Products */ = {
			isa = PBXGroup;
			children = (
				C99EEB182385796700FEE666 /* Bob.app */,
				C90BE309239F38EB00ADE88B /* BobHelper.app */,
			);
			name = Products;
			sourceTree = "<group>";
		};
		C99EEB1A2385796700FEE666 /* Bob */ = {
			isa = PBXGroup;
			children = (
				C9A66F2B23AE0E1E00914F54 /* Sparkle */,
				C99EEB872385799D00FEE666 /* Feature */,
				C99EEB1B2385796700FEE666 /* AppDelegate.h */,
				C99EEB1C2385796700FEE666 /* AppDelegate.m */,
				C99EEBDF238585E700FEE666 /* PrefixHeader.pch */,
				C98CFA20239F8CDA00FB7EC4 /* Bob-Bridging-Header.h */,
				C99EEB212385796900FEE666 /* Assets.xcassets */,
				C99EEB232385796900FEE666 /* Main.storyboard */,
				C99EEB262385796900FEE666 /* Info.plist */,
				C99EEB272385796900FEE666 /* main.m */,
				C99EEB292385796900FEE666 /* Bob.entitlements */,
			);
			path = Bob;
			sourceTree = "<group>";
		};
		C99EEB872385799D00FEE666 /* Feature */ = {
			isa = PBXGroup;
			children = (
				C988B28523B1F11F007C8108 /* DarkMode */,
				C98CFA1E239F8C4000FB7EC4 /* MMKit */,
				C99EEBAD2385799D00FEE666 /* Selection */,
				C9C3BDC4238E766B00D5F1C1 /* Snip */,
				C9F7E87623A210B80025ADF6 /* Translate */,
				C99EEB882385799D00FEE666 /* Configuration */,
				C99EEBAA2385799D00FEE666 /* StatusItem */,
				C98C179A239E1B7400BD02DB /* PerferenceWindow */,
				C99EEB972385799D00FEE666 /* TranslateWindow */,
			);
			path = Feature;
			sourceTree = "<group>";
		};
		C99EEB882385799D00FEE666 /* Configuration */ = {
			isa = PBXGroup;
			children = (
				C99EEB892385799D00FEE666 /* Configuration.h */,
				C99EEB8A2385799D00FEE666 /* Configuration.m */,
			);
			path = Configuration;
			sourceTree = "<group>";
		};
		C99EEB8B2385799D00FEE666 /* Baidu */ = {
			isa = PBXGroup;
			children = (
				C99EEB8D2385799D00FEE666 /* BaiduTranslate.h */,
				C99EEB912385799D00FEE666 /* BaiduTranslate.m */,
				C99EEB8E2385799D00FEE666 /* BaiduTranslateResponse.h */,
				C99EEB942385799D00FEE666 /* BaiduTranslateResponse.m */,
				C99EEB952385799D00FEE666 /* baidu-translate-sign.js */,
			);
			path = Baidu;
			sourceTree = "<group>";
		};
		C99EEB972385799D00FEE666 /* TranslateWindow */ = {
			isa = PBXGroup;
			children = (
				C99EEB9A2385799D00FEE666 /* TranslateWindowController.h */,
				C99EEBA52385799D00FEE666 /* TranslateWindowController.m */,
				C99EEB9B2385799D00FEE666 /* TranslateWindow.h */,
				C99EEBA42385799D00FEE666 /* TranslateWindow.m */,
				C99EEB982385799D00FEE666 /* TranslateViewController.h */,
				C99EEBA22385799D00FEE666 /* TranslateViewController.m */,
				C99EEB9F2385799D00FEE666 /* PopUpButton.h */,
				C99EEBA62385799D00FEE666 /* PopUpButton.m */,
				C99EEBA32385799D00FEE666 /* ImageButton.h */,
				C99EEB9C2385799D00FEE666 /* ImageButton.m */,
				C9AEF96923A0D57A003BE95C /* TextView.h */,
				C9AEF96A23A0D57A003BE95C /* TextView.m */,
				C99EEB992385799D00FEE666 /* QueryView.h */,
				C99EEBA12385799D00FEE666 /* QueryView.m */,
				C99EEB9E2385799D00FEE666 /* ResultView.h */,
				C99EEBA82385799D00FEE666 /* ResultView.m */,
				C99EEBA72385799D00FEE666 /* NormalResultView.h */,
				C99EEB9D2385799D00FEE666 /* NormalResultView.m */,
				C99EEBA02385799D00FEE666 /* WordResultView.h */,
				C99EEBA92385799D00FEE666 /* WordResultView.m */,
			);
			path = TranslateWindow;
			sourceTree = "<group>";
		};
		C99EEBAA2385799D00FEE666 /* StatusItem */ = {
			isa = PBXGroup;
			children = (
				C98C17AD239E511200BD02DB /* Shortcut */,
				C99EEBAC2385799D00FEE666 /* StatusItem.h */,
				C99EEBAB2385799D00FEE666 /* StatusItem.m */,
			);
			path = StatusItem;
			sourceTree = "<group>";
		};
		C99EEBAD2385799D00FEE666 /* Selection */ = {
			isa = PBXGroup;
			children = (
				C99EEBAF2385799D00FEE666 /* Selection.h */,
				C99EEBAE2385799D00FEE666 /* Selection.m */,
			);
			path = Selection;
			sourceTree = "<group>";
		};
		C99EEBB02385799D00FEE666 /* Utility */ = {
			isa = PBXGroup;
			children = (
				C99EEBBE2385799D00FEE666 /* MMMacro.h */,
				C91C153623AB8B0600CCAEC0 /* MMTool.h */,
				C91C153723AB8B0600CCAEC0 /* MMTool.m */,
				C99EEBBB2385799D00FEE666 /* MMMake.h */,
				C99EEBB22385799D00FEE666 /* MMMake.m */,
				C99EEBB42385799D00FEE666 /* NSColor+MM.h */,
				C99EEBBD2385799D00FEE666 /* NSColor+MM.m */,
				C99EEBB32385799D00FEE666 /* NSAttributedString+MM.h */,
				C99EEBBA2385799D00FEE666 /* NSAttributedString+MM.m */,
				C99EEBB92385799D00FEE666 /* NSMutableAttributedString+MM.h */,
				C99EEBC22385799D00FEE666 /* NSMutableAttributedString+MM.m */,
				C99EEBC12385799D00FEE666 /* NSString+MM.h */,
				C99EEBB52385799D00FEE666 /* NSString+MM.m */,
				C99EEBB82385799D00FEE666 /* NSArray+MM.h */,
				C99EEBC32385799D00FEE666 /* NSArray+MM.m */,
				C99EEBC02385799D00FEE666 /* NSUserDefaults+MM.h */,
				C99EEBB62385799D00FEE666 /* NSUserDefaults+MM.m */,
				C99EEBBF2385799D00FEE666 /* NSButton+MM.h */,
				C99EEBB72385799D00FEE666 /* NSButton+MM.m */,
				C99EEBBC2385799D00FEE666 /* MMEventMonitor.h */,
				C99EEBB12385799D00FEE666 /* MMEventMonitor.m */,
				C99142722390FCBD0025E75E /* NSImage+MM.h */,
				C99142732390FCBD0025E75E /* NSImage+MM.m */,
				C9986E1A2393B06C0016F569 /* NSView+MM.h */,
				C9986E1B2393B06C0016F569 /* NSView+MM.m */,
				C9986E1D2393B09E0016F569 /* NSWindow+MM.h */,
				C9986E1E2393B09E0016F569 /* NSWindow+MM.m */,
				C9676F2923A0908F007DD023 /* NSPasteboard+MM.h */,
				C9676F2A23A0908F007DD023 /* NSPasteboard+MM.m */,
				C9D679CA23A3403F0073957C /* NSDictionary+MM.h */,
				C9D679CB23A3403F0073957C /* NSDictionary+MM.m */,
				C91DF6AF23A35E07009CB158 /* MMOrderedDictionary.h */,
				C91DF6AE23A35E07009CB158 /* MMOrderedDictionary.m */,
			);
			path = Utility;
			sourceTree = "<group>";
		};
		C9A66F2B23AE0E1E00914F54 /* Sparkle */ = {
			isa = PBXGroup;
			children = (
				C9A66F2C23AE11F800914F54 /* appcast.xml */,
			);
			path = Sparkle;
			sourceTree = "<group>";
		};
		C9C3BDC4238E766B00D5F1C1 /* Snip */ = {
			isa = PBXGroup;
			children = (
				C9C3BDD1238EA0EF00D5F1C1 /* Snip.h */,
				C9C3BDD2238EA0EF00D5F1C1 /* Snip.m */,
				C9C3BDC5238E76B000D5F1C1 /* SnipWindowController.h */,
				C9C3BDC6238E76B000D5F1C1 /* SnipWindowController.m */,
				C9C3BDC8238E76C800D5F1C1 /* SnipWindow.h */,
				C9C3BDC9238E76C800D5F1C1 /* SnipWindow.m */,
				C9C3BDCB238E78BA00D5F1C1 /* SnipViewController.h */,
				C9C3BDCC238E78BA00D5F1C1 /* SnipViewController.m */,
				C90C77832391188400A65E42 /* SnipFocusView.h */,
				C90C77842391188400A65E42 /* SnipFocusView.m */,
			);
			path = Snip;
			sourceTree = "<group>";
		};
		C9F7E87623A210B80025ADF6 /* Translate */ = {
			isa = PBXGroup;
			children = (
				C9F7E87723A212050025ADF6 /* Common */,
				C99EEB8B2385799D00FEE666 /* Baidu */,
				C9F7E87823A215270025ADF6 /* Youdao */,
				C9889F5E23AA0FC700C2D127 /* Google */,
			);
			path = Translate;
			sourceTree = "<group>";
		};
		C9F7E87723A212050025ADF6 /* Common */ = {
			isa = PBXGroup;
			children = (
				C910456E23A3AF44001D5211 /* Translate.h */,
				C910456F23A3AF44001D5211 /* Translate.m */,
				C99EEB902385799D00FEE666 /* TranslateLanguage.h */,
				C99EEB962385799D00FEE666 /* TranslateLanguage.m */,
				C99EEB8C2385799D00FEE666 /* TranslateError.h */,
				C99EEB922385799D00FEE666 /* TranslateError.m */,
				C99EEB8F2385799D00FEE666 /* TranslateResult.h */,
				C99EEB932385799D00FEE666 /* TranslateResult.m */,
				C959D338238809B800DD8808 /* OCRResult.h */,
				C959D339238809B800DD8808 /* OCRResult.m */,
			);
			path = Common;
			sourceTree = "<group>";
		};
		C9F7E87823A215270025ADF6 /* Youdao */ = {
			isa = PBXGroup;
			children = (
				C9F7E87A23A2165F0025ADF6 /* YoudaoTranslate.h */,
				C9F7E87B23A2165F0025ADF6 /* YoudaoTranslate.m */,
				C91DF6B123A375E5009CB158 /* YoudaoTranslateResponse.h */,
				C91DF6B223A375E5009CB158 /* YoudaoTranslateResponse.m */,
				C91DF6B523A390A7009CB158 /* YoudaoOCRResponse.h */,
				C91DF6B623A390A7009CB158 /* YoudaoOCRResponse.m */,
			);
			path = Youdao;
			sourceTree = "<group>";
		};
/* End PBXGroup section */

/* Begin PBXNativeTarget section */
		C90BE308239F38EB00ADE88B /* BobHelper */ = {
			isa = PBXNativeTarget;
			buildConfigurationList = C90BE31A239F38EC00ADE88B /* Build configuration list for PBXNativeTarget "BobHelper" */;
			buildPhases = (
				C90BE305239F38EB00ADE88B /* Sources */,
				C90BE306239F38EB00ADE88B /* Frameworks */,
				C90BE307239F38EB00ADE88B /* Resources */,
			);
			buildRules = (
			);
			dependencies = (
			);
			name = BobHelper;
			productName = BobHelper;
			productReference = C90BE309239F38EB00ADE88B /* BobHelper.app */;
			productType = "com.apple.product-type.application";
		};
		C99EEB172385796700FEE666 /* Bob */ = {
			isa = PBXNativeTarget;
			buildConfigurationList = C99EEB2C2385796900FEE666 /* Build configuration list for PBXNativeTarget "Bob" */;
			buildPhases = (
				21D768ECC6D11E109E6EB73A /* [CP] Check Pods Manifest.lock */,
				C99EEB142385796700FEE666 /* Sources */,
				C99EEB152385796700FEE666 /* Frameworks */,
				C99EEB162385796700FEE666 /* Resources */,
				124D690EE7236D6430CF945E /* [CP] Embed Pods Frameworks */,
				C98CAE74239F45DA005F7DCA /* CopyFiles */,
			);
			buildRules = (
			);
			dependencies = (
			);
			name = Bob;
			productName = Bob;
			productReference = C99EEB182385796700FEE666 /* Bob.app */;
			productType = "com.apple.product-type.application";
		};
/* End PBXNativeTarget section */

/* Begin PBXProject section */
		C99EEB102385796700FEE666 /* Project object */ = {
			isa = PBXProject;
			attributes = {
				LastUpgradeCheck = 1130;
				ORGANIZATIONNAME = ripperhe;
				TargetAttributes = {
					C90BE308239F38EB00ADE88B = {
						CreatedOnToolsVersion = 11.2.1;
					};
					C99EEB172385796700FEE666 = {
						CreatedOnToolsVersion = 11.2.1;
						LastSwiftMigration = 1120;
					};
				};
			};
			buildConfigurationList = C99EEB132385796700FEE666 /* Build configuration list for PBXProject "Bob" */;
			compatibilityVersion = "Xcode 9.3";
			developmentRegion = en;
			hasScannedForEncodings = 0;
			knownRegions = (
				en,
				Base,
				"zh-Hans",
			);
			mainGroup = C99EEB0F2385796700FEE666;
			productRefGroup = C99EEB192385796700FEE666 /* Products */;
			projectDirPath = "";
			projectRoot = "";
			targets = (
				C99EEB172385796700FEE666 /* Bob */,
				C90BE308239F38EB00ADE88B /* BobHelper */,
			);
		};
/* End PBXProject section */

/* Begin PBXResourcesBuildPhase section */
		C90BE307239F38EB00ADE88B /* Resources */ = {
			isa = PBXResourcesBuildPhase;
			buildActionMask = 2147483647;
			files = (
				C90BE312239F38EC00ADE88B /* Assets.xcassets in Resources */,
				C90BE315239F38EC00ADE88B /* Main.storyboard in Resources */,
			);
			runOnlyForDeploymentPostprocessing = 0;
		};
		C99EEB162385796700FEE666 /* Resources */ = {
			isa = PBXResourcesBuildPhase;
			buildActionMask = 2147483647;
			files = (
				C99EEB222385796900FEE666 /* Assets.xcassets in Resources */,
				C9A66F2D23AE11F900914F54 /* appcast.xml in Resources */,
				C99EEBC92385799D00FEE666 /* baidu-translate-sign.js in Resources */,
				C99EEB252385796900FEE666 /* Main.storyboard in Resources */,
				C98C17A6239E40AC00BD02DB /* GeneralViewController.xib in Resources */,
				C98C17AB239E410300BD02DB /* AboutViewController.xib in Resources */,
				C9889F6423AA25C800C2D127 /* google-translate-sign.js in Resources */,
			);
			runOnlyForDeploymentPostprocessing = 0;
		};
/* End PBXResourcesBuildPhase section */

/* Begin PBXShellScriptBuildPhase section */
		124D690EE7236D6430CF945E /* [CP] Embed Pods Frameworks */ = {
			isa = PBXShellScriptBuildPhase;
			buildActionMask = 2147483647;
			files = (
			);
			inputFileListPaths = (
				"${PODS_ROOT}/Target Support Files/Pods-Bob/Pods-Bob-frameworks-${CONFIGURATION}-input-files.xcfilelist",
			);
			name = "[CP] Embed Pods Frameworks";
			outputFileListPaths = (
				"${PODS_ROOT}/Target Support Files/Pods-Bob/Pods-Bob-frameworks-${CONFIGURATION}-output-files.xcfilelist",
			);
			runOnlyForDeploymentPostprocessing = 0;
			shellPath = /bin/sh;
			shellScript = "\"${PODS_ROOT}/Target Support Files/Pods-Bob/Pods-Bob-frameworks.sh\"\n";
			showEnvVarsInLog = 0;
		};
		21D768ECC6D11E109E6EB73A /* [CP] Check Pods Manifest.lock */ = {
			isa = PBXShellScriptBuildPhase;
			buildActionMask = 2147483647;
			files = (
			);
			inputFileListPaths = (
			);
			inputPaths = (
				"${PODS_PODFILE_DIR_PATH}/Podfile.lock",
				"${PODS_ROOT}/Manifest.lock",
			);
			name = "[CP] Check Pods Manifest.lock";
			outputFileListPaths = (
			);
			outputPaths = (
				"$(DERIVED_FILE_DIR)/Pods-Bob-checkManifestLockResult.txt",
			);
			runOnlyForDeploymentPostprocessing = 0;
			shellPath = /bin/sh;
			shellScript = "diff \"${PODS_PODFILE_DIR_PATH}/Podfile.lock\" \"${PODS_ROOT}/Manifest.lock\" > /dev/null\nif [ $? != 0 ] ; then\n    # print error to STDERR\n    echo \"error: The sandbox is not in sync with the Podfile.lock. Run 'pod install' or update your CocoaPods installation.\" >&2\n    exit 1\nfi\n# This output is used by Xcode 'outputs' to avoid re-running this script phase.\necho \"SUCCESS\" > \"${SCRIPT_OUTPUT_FILE_0}\"\n";
			showEnvVarsInLog = 0;
		};
/* End PBXShellScriptBuildPhase section */

/* Begin PBXSourcesBuildPhase section */
		C90BE305239F38EB00ADE88B /* Sources */ = {
			isa = PBXSourcesBuildPhase;
			buildActionMask = 2147483647;
			files = (
				C90BE310239F38EB00ADE88B /* ViewController.m in Sources */,
				C90BE318239F38EC00ADE88B /* main.m in Sources */,
				C90BE30D239F38EB00ADE88B /* AppDelegate.m in Sources */,
			);
			runOnlyForDeploymentPostprocessing = 0;
		};
		C99EEB142385796700FEE666 /* Sources */ = {
			isa = PBXSourcesBuildPhase;
			buildActionMask = 2147483647;
			files = (
				C98CFA33239FA6F400FB7EC4 /* MMCrashUncaughtExceptionHandler.m in Sources */,
				C99EEBD42385799D00FEE666 /* StatusItem.m in Sources */,
				C98CFA34239FA6F400FB7EC4 /* MMCrashSignalExceptionHandler.m in Sources */,
				C90007F623B3C5BB0002B6A0 /* NSView+HiddenDebug.m in Sources */,
				C9AEF96B23A0D57A003BE95C /* TextView.m in Sources */,
				C91DF6B023A35E07009CB158 /* MMOrderedDictionary.m in Sources */,
				C98C17A5239E40AC00BD02DB /* GeneralViewController.m in Sources */,
				C98CFA2A239F8CDB00FB7EC4 /* MMConsoleLogFormatter.m in Sources */,
				C98CFA2B239F8CDB00FB7EC4 /* MMLog.m in Sources */,
				C99EEBCA2385799D00FEE666 /* TranslateLanguage.m in Sources */,
				C99EEBD32385799D00FEE666 /* WordResultView.m in Sources */,
				C99EEBDE2385799D00FEE666 /* NSArray+MM.m in Sources */,
				C9676F2B23A0908F007DD023 /* NSPasteboard+MM.m in Sources */,
				C99EEBD92385799D00FEE666 /* NSUserDefaults+MM.m in Sources */,
				C99EEBCB2385799D00FEE666 /* ImageButton.m in Sources */,
				C99EEBC72385799D00FEE666 /* TranslateResult.m in Sources */,
				C91C153823AB8B0600CCAEC0 /* MMTool.m in Sources */,
				C99EEBCF2385799D00FEE666 /* TranslateWindow.m in Sources */,
				C9C3BDD3238EA0EF00D5F1C1 /* Snip.m in Sources */,
				C9C3BDCD238E78BA00D5F1C1 /* SnipViewController.m in Sources */,
				C90C77852391188400A65E42 /* SnipFocusView.m in Sources */,
				C99EEB282385796900FEE666 /* main.m in Sources */,
				C99EEBC42385799D00FEE666 /* Configuration.m in Sources */,
				C99EEBC62385799D00FEE666 /* TranslateError.m in Sources */,
				C98C17A1239E3F4A00BD02DB /* PreferencesWindowController.m in Sources */,
				C9C3BDC7238E76B000D5F1C1 /* SnipWindowController.m in Sources */,
				C9986E1C2393B06C0016F569 /* NSView+MM.m in Sources */,
				C99EEBD12385799D00FEE666 /* PopUpButton.m in Sources */,
				C98CFA38239FA8E500FB7EC4 /* MMCrash.m in Sources */,
				C99EEBDD2385799D00FEE666 /* NSMutableAttributedString+MM.m in Sources */,
				C99EEBCD2385799D00FEE666 /* QueryView.m in Sources */,
				C98CFA28239F8CDB00FB7EC4 /* MMLog.swift in Sources */,
				C910457023A3AF44001D5211 /* Translate.m in Sources */,
				C9C3BDCA238E76C800D5F1C1 /* SnipWindow.m in Sources */,
				C99EEBD52385799D00FEE666 /* Selection.m in Sources */,
				C99EEBCE2385799D00FEE666 /* TranslateViewController.m in Sources */,
				C99EEBC82385799D00FEE666 /* BaiduTranslateResponse.m in Sources */,
				C99EEBDA2385799D00FEE666 /* NSButton+MM.m in Sources */,
				C98CFA29239F8CDB00FB7EC4 /* MMFileLogFormatter.m in Sources */,
				C98C17B0239E516A00BD02DB /* Shortcut.m in Sources */,
				C98C17AA239E410300BD02DB /* AboutViewController.m in Sources */,
				C98CFA35239FA6F400FB7EC4 /* MMCrashFileTool.m in Sources */,
				C99EEBC52385799D00FEE666 /* BaiduTranslate.m in Sources */,
				C90007F323B3BA710002B6A0 /* NSObject+DarkMode.m in Sources */,
				C99EEB1D2385796700FEE666 /* AppDelegate.m in Sources */,
				C99EEBD72385799D00FEE666 /* MMMake.m in Sources */,
				C9D679CC23A3403F0073957C /* NSDictionary+MM.m in Sources */,
				C91DF6B323A375E5009CB158 /* YoudaoTranslateResponse.m in Sources */,
				C9889F6123AA0FDA00C2D127 /* GoogleTranslate.m in Sources */,
				C99EEBD22385799D00FEE666 /* ResultView.m in Sources */,
				C99EEBDC2385799D00FEE666 /* NSColor+MM.m in Sources */,
				C99EEBD02385799D00FEE666 /* TranslateWindowController.m in Sources */,
				C99EEBD82385799D00FEE666 /* NSString+MM.m in Sources */,
				C99EEBDB2385799D00FEE666 /* NSAttributedString+MM.m in Sources */,
				C959D33A238809B800DD8808 /* OCRResult.m in Sources */,
				C91DF6B723A390A7009CB158 /* YoudaoOCRResponse.m in Sources */,
				C988B28823B1F12D007C8108 /* DarkModeManager.m in Sources */,
				C9F7E87C23A2165F0025ADF6 /* YoudaoTranslate.m in Sources */,
				C99EEBCC2385799D00FEE666 /* NormalResultView.m in Sources */,
				C99142742390FCBD0025E75E /* NSImage+MM.m in Sources */,
				C99EEBD62385799D00FEE666 /* MMEventMonitor.m in Sources */,
				C9986E1F2393B09E0016F569 /* NSWindow+MM.m in Sources */,
			);
			runOnlyForDeploymentPostprocessing = 0;
		};
/* End PBXSourcesBuildPhase section */

/* Begin PBXVariantGroup section */
		C90BE313239F38EC00ADE88B /* Main.storyboard */ = {
			isa = PBXVariantGroup;
			children = (
				C90BE314239F38EC00ADE88B /* Base */,
				C99031D223A09E4300E904D4 /* zh-Hans */,
			);
			name = Main.storyboard;
			sourceTree = "<group>";
		};
		C99EEB232385796900FEE666 /* Main.storyboard */ = {
			isa = PBXVariantGroup;
			children = (
				C99EEB242385796900FEE666 /* Base */,
				C99031D123A09E4300E904D4 /* zh-Hans */,
			);
			name = Main.storyboard;
			sourceTree = "<group>";
		};
/* End PBXVariantGroup section */

/* Begin XCBuildConfiguration section */
		C90BE31B239F38EC00ADE88B /* Debug */ = {
			isa = XCBuildConfiguration;
			buildSettings = {
				ASSETCATALOG_COMPILER_APPICON_NAME = AppIcon;
				CODE_SIGN_ENTITLEMENTS = BobHelper/BobHelper.entitlements;
				CODE_SIGN_IDENTITY = "-";
				CODE_SIGN_STYLE = Automatic;
				COMBINE_HIDPI_IMAGES = YES;
				CURRENT_PROJECT_VERSION = 0.1.0.0;
				INFOPLIST_FILE = BobHelper/Info.plist;
				LD_RUNPATH_SEARCH_PATHS = (
					"$(inherited)",
					"@executable_path/../Frameworks",
				);
				MACOSX_DEPLOYMENT_TARGET = 10.12;
				MARKETING_VERSION = 0.1.0;
				PRODUCT_BUNDLE_IDENTIFIER = "com.ripperhe.BobHelper-debug";
				PRODUCT_NAME = "$(TARGET_NAME)";
				SKIP_INSTALL = YES;
			};
			name = Debug;
		};
		C90BE31C239F38EC00ADE88B /* Release */ = {
			isa = XCBuildConfiguration;
			buildSettings = {
				ASSETCATALOG_COMPILER_APPICON_NAME = AppIcon;
				CODE_SIGN_ENTITLEMENTS = BobHelper/BobHelper.entitlements;
				CODE_SIGN_IDENTITY = "-";
				CODE_SIGN_STYLE = Automatic;
				COMBINE_HIDPI_IMAGES = YES;
				CURRENT_PROJECT_VERSION = 0.1.0.0;
				INFOPLIST_FILE = BobHelper/Info.plist;
				LD_RUNPATH_SEARCH_PATHS = (
					"$(inherited)",
					"@executable_path/../Frameworks",
				);
				MACOSX_DEPLOYMENT_TARGET = 10.12;
				MARKETING_VERSION = 0.1.0;
				PRODUCT_BUNDLE_IDENTIFIER = com.ripperhe.BobHelper;
				PRODUCT_NAME = "$(TARGET_NAME)";
				SKIP_INSTALL = YES;
			};
			name = Release;
		};
		C99EEB2A2385796900FEE666 /* Debug */ = {
			isa = XCBuildConfiguration;
			buildSettings = {
				ALWAYS_SEARCH_USER_PATHS = NO;
				CLANG_ANALYZER_LOCALIZABILITY_NONLOCALIZED = YES;
				CLANG_ANALYZER_NONNULL = YES;
				CLANG_ANALYZER_NUMBER_OBJECT_CONVERSION = YES_AGGRESSIVE;
				CLANG_CXX_LANGUAGE_STANDARD = "gnu++14";
				CLANG_CXX_LIBRARY = "libc++";
				CLANG_ENABLE_MODULES = YES;
				CLANG_ENABLE_OBJC_ARC = YES;
				CLANG_ENABLE_OBJC_WEAK = YES;
				CLANG_WARN_BLOCK_CAPTURE_AUTORELEASING = YES;
				CLANG_WARN_BOOL_CONVERSION = YES;
				CLANG_WARN_COMMA = YES;
				CLANG_WARN_CONSTANT_CONVERSION = YES;
				CLANG_WARN_DEPRECATED_OBJC_IMPLEMENTATIONS = YES;
				CLANG_WARN_DIRECT_OBJC_ISA_USAGE = YES_ERROR;
				CLANG_WARN_DOCUMENTATION_COMMENTS = YES;
				CLANG_WARN_EMPTY_BODY = YES;
				CLANG_WARN_ENUM_CONVERSION = YES;
				CLANG_WARN_INFINITE_RECURSION = YES;
				CLANG_WARN_INT_CONVERSION = YES;
				CLANG_WARN_NON_LITERAL_NULL_CONVERSION = YES;
				CLANG_WARN_OBJC_IMPLICIT_RETAIN_SELF = YES;
				CLANG_WARN_OBJC_LITERAL_CONVERSION = YES;
				CLANG_WARN_OBJC_ROOT_CLASS = YES_ERROR;
				CLANG_WARN_RANGE_LOOP_ANALYSIS = YES;
				CLANG_WARN_STRICT_PROTOTYPES = YES;
				CLANG_WARN_SUSPICIOUS_MOVE = YES;
				CLANG_WARN_UNGUARDED_AVAILABILITY = YES_AGGRESSIVE;
				CLANG_WARN_UNREACHABLE_CODE = YES;
				CLANG_WARN__DUPLICATE_METHOD_MATCH = YES;
				COPY_PHASE_STRIP = NO;
				DEBUG_INFORMATION_FORMAT = dwarf;
				ENABLE_STRICT_OBJC_MSGSEND = YES;
				ENABLE_TESTABILITY = YES;
				GCC_C_LANGUAGE_STANDARD = gnu11;
				GCC_DYNAMIC_NO_PIC = NO;
				GCC_NO_COMMON_BLOCKS = YES;
				GCC_OPTIMIZATION_LEVEL = 0;
				GCC_PREPROCESSOR_DEFINITIONS = (
					"DEBUG=1",
					"$(inherited)",
				);
				GCC_WARN_64_TO_32_BIT_CONVERSION = YES;
				GCC_WARN_ABOUT_RETURN_TYPE = YES_ERROR;
				GCC_WARN_UNDECLARED_SELECTOR = YES;
				GCC_WARN_UNINITIALIZED_AUTOS = YES_AGGRESSIVE;
				GCC_WARN_UNUSED_FUNCTION = YES;
				GCC_WARN_UNUSED_VARIABLE = YES;
				MACOSX_DEPLOYMENT_TARGET = 10.12;
				MTL_ENABLE_DEBUG_INFO = INCLUDE_SOURCE;
				MTL_FAST_MATH = YES;
				ONLY_ACTIVE_ARCH = YES;
				SDKROOT = macosx;
			};
			name = Debug;
		};
		C99EEB2B2385796900FEE666 /* Release */ = {
			isa = XCBuildConfiguration;
			buildSettings = {
				ALWAYS_SEARCH_USER_PATHS = NO;
				CLANG_ANALYZER_LOCALIZABILITY_NONLOCALIZED = YES;
				CLANG_ANALYZER_NONNULL = YES;
				CLANG_ANALYZER_NUMBER_OBJECT_CONVERSION = YES_AGGRESSIVE;
				CLANG_CXX_LANGUAGE_STANDARD = "gnu++14";
				CLANG_CXX_LIBRARY = "libc++";
				CLANG_ENABLE_MODULES = YES;
				CLANG_ENABLE_OBJC_ARC = YES;
				CLANG_ENABLE_OBJC_WEAK = YES;
				CLANG_WARN_BLOCK_CAPTURE_AUTORELEASING = YES;
				CLANG_WARN_BOOL_CONVERSION = YES;
				CLANG_WARN_COMMA = YES;
				CLANG_WARN_CONSTANT_CONVERSION = YES;
				CLANG_WARN_DEPRECATED_OBJC_IMPLEMENTATIONS = YES;
				CLANG_WARN_DIRECT_OBJC_ISA_USAGE = YES_ERROR;
				CLANG_WARN_DOCUMENTATION_COMMENTS = YES;
				CLANG_WARN_EMPTY_BODY = YES;
				CLANG_WARN_ENUM_CONVERSION = YES;
				CLANG_WARN_INFINITE_RECURSION = YES;
				CLANG_WARN_INT_CONVERSION = YES;
				CLANG_WARN_NON_LITERAL_NULL_CONVERSION = YES;
				CLANG_WARN_OBJC_IMPLICIT_RETAIN_SELF = YES;
				CLANG_WARN_OBJC_LITERAL_CONVERSION = YES;
				CLANG_WARN_OBJC_ROOT_CLASS = YES_ERROR;
				CLANG_WARN_RANGE_LOOP_ANALYSIS = YES;
				CLANG_WARN_STRICT_PROTOTYPES = YES;
				CLANG_WARN_SUSPICIOUS_MOVE = YES;
				CLANG_WARN_UNGUARDED_AVAILABILITY = YES_AGGRESSIVE;
				CLANG_WARN_UNREACHABLE_CODE = YES;
				CLANG_WARN__DUPLICATE_METHOD_MATCH = YES;
				COPY_PHASE_STRIP = NO;
				DEBUG_INFORMATION_FORMAT = "dwarf-with-dsym";
				ENABLE_NS_ASSERTIONS = NO;
				ENABLE_STRICT_OBJC_MSGSEND = YES;
				GCC_C_LANGUAGE_STANDARD = gnu11;
				GCC_NO_COMMON_BLOCKS = YES;
				GCC_WARN_64_TO_32_BIT_CONVERSION = YES;
				GCC_WARN_ABOUT_RETURN_TYPE = YES_ERROR;
				GCC_WARN_UNDECLARED_SELECTOR = YES;
				GCC_WARN_UNINITIALIZED_AUTOS = YES_AGGRESSIVE;
				GCC_WARN_UNUSED_FUNCTION = YES;
				GCC_WARN_UNUSED_VARIABLE = YES;
				MACOSX_DEPLOYMENT_TARGET = 10.12;
				MTL_ENABLE_DEBUG_INFO = NO;
				MTL_FAST_MATH = YES;
				SDKROOT = macosx;
				SWIFT_COMPILATION_MODE = wholemodule;
			};
			name = Release;
		};
		C99EEB2D2385796900FEE666 /* Debug */ = {
			isa = XCBuildConfiguration;
			baseConfigurationReference = DA7129FC389066F3A2227458 /* Pods-Bob.debug.xcconfig */;
			buildSettings = {
				ASSETCATALOG_COMPILER_APPICON_NAME = AppIcon;
				CLANG_ENABLE_MODULES = YES;
				CODE_SIGN_ENTITLEMENTS = Bob/Bob.entitlements;
				CODE_SIGN_IDENTITY = "-";
				CODE_SIGN_STYLE = Automatic;
				COMBINE_HIDPI_IMAGES = YES;
				COPY_PHASE_STRIP = NO;
				CURRENT_PROJECT_VERSION = 0.1.0.0;
				GCC_PREFIX_HEADER = "$(SRCROOT)/Bob/PrefixHeader.pch";
				INFOPLIST_FILE = Bob/Info.plist;
				LD_RUNPATH_SEARCH_PATHS = (
					"$(inherited)",
					"@executable_path/../Frameworks",
				);
				MACOSX_DEPLOYMENT_TARGET = 10.12;
				MARKETING_VERSION = 0.1.0;
				PRODUCT_BUNDLE_IDENTIFIER = "com.ripperhe.Bob-debug";
				PRODUCT_NAME = "$(TARGET_NAME)";
				SWIFT_OBJC_BRIDGING_HEADER = "Bob/Bob-Bridging-Header.h";
				SWIFT_OPTIMIZATION_LEVEL = "-Onone";
				SWIFT_VERSION = 5.0;
			};
			name = Debug;
		};
		C99EEB2E2385796900FEE666 /* Release */ = {
			isa = XCBuildConfiguration;
			baseConfigurationReference = 3A08EDDF832035FD57B6A226 /* Pods-Bob.release.xcconfig */;
			buildSettings = {
				ASSETCATALOG_COMPILER_APPICON_NAME = AppIcon;
				CLANG_ENABLE_MODULES = YES;
				CODE_SIGN_ENTITLEMENTS = Bob/Bob.entitlements;
				CODE_SIGN_IDENTITY = "-";
				CODE_SIGN_STYLE = Automatic;
				COMBINE_HIDPI_IMAGES = YES;
				COPY_PHASE_STRIP = NO;
				CURRENT_PROJECT_VERSION = 0.1.0.0;
				GCC_PREFIX_HEADER = "$(SRCROOT)/Bob/PrefixHeader.pch";
				INFOPLIST_FILE = Bob/Info.plist;
				LD_RUNPATH_SEARCH_PATHS = (
					"$(inherited)",
					"@executable_path/../Frameworks",
				);
				MACOSX_DEPLOYMENT_TARGET = 10.12;
				MARKETING_VERSION = 0.1.0;
				PRODUCT_BUNDLE_IDENTIFIER = com.ripperhe.Bob;
				PRODUCT_NAME = "$(TARGET_NAME)";
				SWIFT_OBJC_BRIDGING_HEADER = "Bob/Bob-Bridging-Header.h";
				SWIFT_VERSION = 5.0;
			};
			name = Release;
		};
/* End XCBuildConfiguration section */

/* Begin XCConfigurationList section */
		C90BE31A239F38EC00ADE88B /* Build configuration list for PBXNativeTarget "BobHelper" */ = {
			isa = XCConfigurationList;
			buildConfigurations = (
				C90BE31B239F38EC00ADE88B /* Debug */,
				C90BE31C239F38EC00ADE88B /* Release */,
			);
			defaultConfigurationIsVisible = 0;
			defaultConfigurationName = Release;
		};
		C99EEB132385796700FEE666 /* Build configuration list for PBXProject "Bob" */ = {
			isa = XCConfigurationList;
			buildConfigurations = (
				C99EEB2A2385796900FEE666 /* Debug */,
				C99EEB2B2385796900FEE666 /* Release */,
			);
			defaultConfigurationIsVisible = 0;
			defaultConfigurationName = Release;
		};
		C99EEB2C2385796900FEE666 /* Build configuration list for PBXNativeTarget "Bob" */ = {
			isa = XCConfigurationList;
			buildConfigurations = (
				C99EEB2D2385796900FEE666 /* Debug */,
				C99EEB2E2385796900FEE666 /* Release */,
			);
			defaultConfigurationIsVisible = 0;
			defaultConfigurationName = Release;
		};
/* End XCConfigurationList section */
	};
	rootObject = C99EEB102385796700FEE666 /* Project object */;
}
